{
    "version": 3,
    "terraform_version": "0.11.7",
    "serial": 42,
    "lineage": "f89adbe4-8c93-e9c7-db52-5789bb54cf9f",
    "modules": [
        {
            "path": [
                "root"
            ],
            "outputs": {},
            "resources": {
                "github_issue_label.api.0": {
                    "type": "github_issue_label",
                    "depends_on": [
                        "github_repository.api"
                    ],
                    "primary": {
                        "id": "api:environment/dev",
                        "attributes": {
                            "color": "F7FBFF",
                            "id": "api:environment/dev",
                            "name": "environment/dev",
                            "repository": "api",
                            "url": "https://api.github.com/repos/request-yo-racks/api/labels/environment/dev"
                        },
                        "meta": {},
                        "tainted": false
                    },
                    "deposed": [],
                    "provider": "provider.github"
                },
                "github_issue_label.api.1": {
                    "type": "github_issue_label",
                    "depends_on": [
                        "github_repository.api"
                    ],
                    "primary": {
                        "id": "api:environment/prod",
                        "attributes": {
                            "color": "F7FBFF",
                            "id": "api:environment/prod",
                            "name": "environment/prod",
                            "repository": "api",
                            "url": "https://api.github.com/repos/request-yo-racks/api/labels/environment/prod"
                        },
                        "meta": {},
                        "tainted": false
                    },
                    "deposed": [],
                    "provider": "provider.github"
                },
                "github_issue_label.api.10": {
                    "type": "github_issue_label",
                    "depends_on": [
                        "github_repository.api"
                    ],
                    "primary": {
                        "id": "api:kind/question",
                        "attributes": {
                            "color": "EFF1D5",
                            "id": "api:kind/question",
                            "name": "kind/question",
                            "repository": "api",
                            "url": "https://api.github.com/repos/request-yo-racks/api/labels/kind/question"
                        },
                        "meta": {},
                        "tainted": false
                    },
                    "deposed": [],
                    "provider": "provider.github"
                },
                "github_issue_label.api.11": {
                    "type": "github_issue_label",
                    "depends_on": [
                        "github_repository.api"
                    ],
                    "primary": {
                        "id": "api:size/L",
                        "attributes": {
                            "color": "ff9933",
                            "id": "api:size/L",
                            "name": "size/L",
                            "repository": "api",
                            "url": "https://api.github.com/repos/request-yo-racks/api/labels/size/L"
                        },
                        "meta": {},
                        "tainted": false
                    },
                    "deposed": [],
                    "provider": "provider.github"
                },
                "github_issue_label.api.12": {
                    "type": "github_issue_label",
                    "depends_on": [
                        "github_repository.api"
                    ],
                    "primary": {
                        "id": "api:size/M",
                        "attributes": {
                            "color": "FFFF00",
                            "id": "api:size/M",
                            "name": "size/M",
                            "repository": "api",
                            "url": "https://api.github.com/repos/request-yo-racks/api/labels/size/M"
                        },
                        "meta": {},
                        "tainted": false
                    },
                    "deposed": [],
                    "provider": "provider.github"
                },
                "github_issue_label.api.13": {
                    "type": "github_issue_label",
                    "depends_on": [
                        "github_repository.api"
                    ],
                    "primary": {
                        "id": "api:size/S",
                        "attributes": {
                            "color": "CCFF66",
                            "id": "api:size/S",
                            "name": "size/S",
                            "repository": "api",
                            "url": "https://api.github.com/repos/request-yo-racks/api/labels/size/S"
                        },
                        "meta": {},
                        "tainted": false
                    },
                    "deposed": [],
                    "provider": "provider.github"
                },
                "github_issue_label.api.14": {
                    "type": "github_issue_label",
                    "depends_on": [
                        "github_repository.api"
                    ],
                    "primary": {
                        "id": "api:size/XL",
                        "attributes": {
                            "color": "b60205",
                            "id": "api:size/XL",
                            "name": "size/XL",
                            "repository": "api",
                            "url": "https://api.github.com/repos/request-yo-racks/api/labels/size/XL"
                        },
                        "meta": {},
                        "tainted": false
                    },
                    "deposed": [],
                    "provider": "provider.github"
                },
                "github_issue_label.api.15": {
                    "type": "github_issue_label",
                    "depends_on": [
                        "github_repository.api"
                    ],
                    "primary": {
                        "id": "api:size/XS",
                        "attributes": {
                            "color": "00FF00",
                            "id": "api:size/XS",
                            "name": "size/XS",
                            "repository": "api",
                            "url": "https://api.github.com/repos/request-yo-racks/api/labels/size/XS"
                        },
                        "meta": {},
                        "tainted": false
                    },
                    "deposed": [],
                    "provider": "provider.github"
                },
                "github_issue_label.api.16": {
                    "type": "github_issue_label",
                    "depends_on": [
                        "github_repository.api"
                    ],
                    "primary": {
                        "id": "api:size/XXL",
                        "attributes": {
                            "color": "8B0000",
                            "id": "api:size/XXL",
                            "name": "size/XXL",
                            "repository": "api",
                            "url": "https://api.github.com/repos/request-yo-racks/api/labels/size/XXL"
                        },
                        "meta": {},
                        "tainted": false
                    },
                    "deposed": [],
                    "provider": "provider.github"
                },
                "github_issue_label.api.17": {
                    "type": "github_issue_label",
                    "depends_on": [
                        "github_repository.api"
                    ],
                    "primary": {
                        "id": "api:status/claimed",
                        "attributes": {
                            "color": "fbca04",
                            "id": "api:status/claimed",
                            "name": "status/claimed",
                            "repository": "api",
                            "url": "https://api.github.com/repos/request-yo-racks/api/labels/status/claimed"
                        },
                        "meta": {},
                        "tainted": false
                    },
                    "deposed": [],
                    "provider": "provider.github"
                },
                "github_issue_label.api.18": {
                    "type": "github_issue_label",
                    "depends_on": [
                        "github_repository.api"
                    ],
                    "primary": {
                        "id": "api:status/help wanted",
                        "attributes": {
                            "color": "128A0C",
                            "id": "api:status/help wanted",
                            "name": "status/help wanted",
                            "repository": "api",
                            "url": "https://api.github.com/repos/request-yo-racks/api/labels/status/help%20wanted"
                        },
                        "meta": {},
                        "tainted": false
                    },
                    "deposed": [],
                    "provider": "provider.github"
                },
                "github_issue_label.api.19": {
                    "type": "github_issue_label",
                    "depends_on": [
                        "github_repository.api"
                    ],
                    "primary": {
                        "id": "api:status/invalid",
                        "attributes": {
                            "color": "000000",
                            "id": "api:status/invalid",
                            "name": "status/invalid",
                            "repository": "api",
                            "url": "https://api.github.com/repos/request-yo-racks/api/labels/status/invalid"
                        },
                        "meta": {},
                        "tainted": false
                    },
                    "deposed": [],
                    "provider": "provider.github"
                },
                "github_issue_label.api.2": {
                    "type": "github_issue_label",
                    "depends_on": [
                        "github_repository.api"
                    ],
                    "primary": {
                        "id": "api:exp/beginner",
                        "attributes": {
                            "color": "CBE4CE",
                            "id": "api:exp/beginner",
                            "name": "exp/beginner",
                            "repository": "api",
                            "url": "https://api.github.com/repos/request-yo-racks/api/labels/exp/beginner"
                        },
                        "meta": {},
                        "tainted": false
                    },
                    "deposed": [],
                    "provider": "provider.github"
                },
                "github_issue_label.api.20": {
                    "type": "github_issue_label",
                    "depends_on": [
                        "github_repository.api"
                    ],
                    "primary": {
                        "id": "api:status/more-info-needed",
                        "attributes": {
                            "color": "6A9798",
                            "id": "api:status/more-info-needed",
                            "name": "status/more-info-needed",
                            "repository": "api",
                            "url": "https://api.github.com/repos/request-yo-racks/api/labels/status/more-info-needed"
                        },
                        "meta": {},
                        "tainted": false
                    },
                    "deposed": [],
                    "provider": "provider.github"
                },
                "github_issue_label.api.21": {
                    "type": "github_issue_label",
                    "depends_on": [
                        "github_repository.api"
                    ],
                    "primary": {
                        "id": "api:status/requires changes",
                        "attributes": {
                            "color": "33cccc",
                            "id": "api:status/requires changes",
                            "name": "status/requires changes",
                            "repository": "api",
                            "url": "https://api.github.com/repos/request-yo-racks/api/labels/status/requires%20changes"
                        },
                        "meta": {},
                        "tainted": false
                    },
                    "deposed": [],
                    "provider": "provider.github"
                },
                "github_issue_label.api.22": {
                    "type": "github_issue_label",
                    "depends_on": [
                        "github_repository.api"
                    ],
                    "primary": {
                        "id": "api:status/review carefully!",
                        "attributes": {
                            "color": "b60205",
                            "id": "api:status/review carefully!",
                            "name": "status/review carefully!",
                            "repository": "api",
                            "url": "https://api.github.com/repos/request-yo-racks/api/labels/status/review%20carefully!"
                        },
                        "meta": {},
                        "tainted": false
                    },
                    "deposed": [],
                    "provider": "provider.github"
                },
                "github_issue_label.api.23": {
                    "type": "github_issue_label",
                    "depends_on": [
                        "github_repository.api"
                    ],
                    "primary": {
                        "id": "api:status/wontfix",
                        "attributes": {
                            "color": "000000",
                            "id": "api:status/wontfix",
                            "name": "status/wontfix",
                            "repository": "api",
                            "url": "https://api.github.com/repos/request-yo-racks/api/labels/status/wontfix"
                        },
                        "meta": {},
                        "tainted": false
                    },
                    "deposed": [],
                    "provider": "provider.github"
                },
                "github_issue_label.api.3": {
                    "type": "github_issue_label",
                    "depends_on": [
                        "github_repository.api"
                    ],
                    "primary": {
                        "id": "api:exp/expert",
                        "attributes": {
                            "color": "CBE4CE",
                            "id": "api:exp/expert",
                            "name": "exp/expert",
                            "repository": "api",
                            "url": "https://api.github.com/repos/request-yo-racks/api/labels/exp/expert"
                        },
                        "meta": {},
                        "tainted": false
                    },
                    "deposed": [],
                    "provider": "provider.github"
                },
                "github_issue_label.api.4": {
                    "type": "github_issue_label",
                    "depends_on": [
                        "github_repository.api"
                    ],
                    "primary": {
                        "id": "api:exp/intermediate",
                        "attributes": {
                            "color": "CBE4CE",
                            "id": "api:exp/intermediate",
                            "name": "exp/intermediate",
                            "repository": "api",
                            "url": "https://api.github.com/repos/request-yo-racks/api/labels/exp/intermediate"
                        },
                        "meta": {},
                        "tainted": false
                    },
                    "deposed": [],
                    "provider": "provider.github"
                },
                "github_issue_label.api.5": {
                    "type": "github_issue_label",
                    "depends_on": [
                        "github_repository.api"
                    ],
                    "primary": {
                        "id": "api:kind/bug",
                        "attributes": {
                            "color": "b60205",
                            "id": "api:kind/bug",
                            "name": "kind/bug",
                            "repository": "api",
                            "url": "https://api.github.com/repos/request-yo-racks/api/labels/kind/bug"
                        },
                        "meta": {},
                        "tainted": false
                    },
                    "deposed": [],
                    "provider": "provider.github"
                },
                "github_issue_label.api.6": {
                    "type": "github_issue_label",
                    "depends_on": [
                        "github_repository.api"
                    ],
                    "primary": {
                        "id": "api:kind/design",
                        "attributes": {
                            "color": "8000ff",
                            "id": "api:kind/design",
                            "name": "kind/design",
                            "repository": "api",
                            "url": "https://api.github.com/repos/request-yo-racks/api/labels/kind/design"
                        },
                        "meta": {},
                        "tainted": false
                    },
                    "deposed": [],
                    "provider": "provider.github"
                },
                "github_issue_label.api.7": {
                    "type": "github_issue_label",
                    "depends_on": [
                        "github_repository.api"
                    ],
                    "primary": {
                        "id": "api:kind/docs",
                        "attributes": {
                            "color": "4000ff",
                            "id": "api:kind/docs",
                            "name": "kind/docs",
                            "repository": "api",
                            "url": "https://api.github.com/repos/request-yo-racks/api/labels/kind/docs"
                        },
                        "meta": {},
                        "tainted": false
                    },
                    "deposed": [],
                    "provider": "provider.github"
                },
                "github_issue_label.api.8": {
                    "type": "github_issue_label",
                    "depends_on": [
                        "github_repository.api"
                    ],
                    "primary": {
                        "id": "api:kind/duplicate",
                        "attributes": {
                            "color": "cccccc",
                            "id": "api:kind/duplicate",
                            "name": "kind/duplicate",
                            "repository": "api",
                            "url": "https://api.github.com/repos/request-yo-racks/api/labels/kind/duplicate"
                        },
                        "meta": {},
                        "tainted": false
                    },
                    "deposed": [],
                    "provider": "provider.github"
                },
                "github_issue_label.api.9": {
                    "type": "github_issue_label",
                    "depends_on": [
                        "github_repository.api"
                    ],
                    "primary": {
                        "id": "api:kind/enhancement",
                        "attributes": {
                            "color": "E7D3BE",
                            "id": "api:kind/enhancement",
                            "name": "kind/enhancement",
                            "repository": "api",
                            "url": "https://api.github.com/repos/request-yo-racks/api/labels/kind/enhancement"
                        },
                        "meta": {},
                        "tainted": false
                    },
                    "deposed": [],
                    "provider": "provider.github"
                },
                "github_issue_label.charts.0": {
                    "type": "github_issue_label",
                    "depends_on": [
                        "github_repository.charts"
                    ],
                    "primary": {
                        "id": "charts:environment/dev",
                        "attributes": {
                            "color": "F7FBFF",
                            "id": "charts:environment/dev",
                            "name": "environment/dev",
                            "repository": "charts",
                            "url": "https://api.github.com/repos/request-yo-racks/charts/labels/environment/dev"
                        },
                        "meta": {},
                        "tainted": false
                    },
                    "deposed": [],
                    "provider": "provider.github"
                },
                "github_issue_label.charts.1": {
                    "type": "github_issue_label",
                    "depends_on": [
                        "github_repository.charts"
                    ],
                    "primary": {
                        "id": "charts:environment/prod",
                        "attributes": {
                            "color": "F7FBFF",
                            "id": "charts:environment/prod",
                            "name": "environment/prod",
                            "repository": "charts",
                            "url": "https://api.github.com/repos/request-yo-racks/charts/labels/environment/prod"
                        },
                        "meta": {},
                        "tainted": false
                    },
                    "deposed": [],
                    "provider": "provider.github"
                },
                "github_issue_label.charts.10": {
                    "type": "github_issue_label",
                    "depends_on": [
                        "github_repository.charts"
                    ],
                    "primary": {
                        "id": "charts:kind/question",
                        "attributes": {
                            "color": "EFF1D5",
                            "id": "charts:kind/question",
                            "name": "kind/question",
                            "repository": "charts",
                            "url": "https://api.github.com/repos/request-yo-racks/charts/labels/kind/question"
                        },
                        "meta": {},
                        "tainted": false
                    },
                    "deposed": [],
                    "provider": "provider.github"
                },
                "github_issue_label.charts.11": {
                    "type": "github_issue_label",
                    "depends_on": [
                        "github_repository.charts"
                    ],
                    "primary": {
                        "id": "charts:size/L",
                        "attributes": {
                            "color": "ff9933",
                            "id": "charts:size/L",
                            "name": "size/L",
                            "repository": "charts",
                            "url": "https://api.github.com/repos/request-yo-racks/charts/labels/size/L"
                        },
                        "meta": {},
                        "tainted": false
                    },
                    "deposed": [],
                    "provider": "provider.github"
                },
                "github_issue_label.charts.12": {
                    "type": "github_issue_label",
                    "depends_on": [
                        "github_repository.charts"
                    ],
                    "primary": {
                        "id": "charts:size/M",
                        "attributes": {
                            "color": "FFFF00",
                            "id": "charts:size/M",
                            "name": "size/M",
                            "repository": "charts",
                            "url": "https://api.github.com/repos/request-yo-racks/charts/labels/size/M"
                        },
                        "meta": {},
                        "tainted": false
                    },
                    "deposed": [],
                    "provider": "provider.github"
                },
                "github_issue_label.charts.13": {
                    "type": "github_issue_label",
                    "depends_on": [
                        "github_repository.charts"
                    ],
                    "primary": {
                        "id": "charts:size/S",
                        "attributes": {
                            "color": "CCFF66",
                            "id": "charts:size/S",
                            "name": "size/S",
                            "repository": "charts",
                            "url": "https://api.github.com/repos/request-yo-racks/charts/labels/size/S"
                        },
                        "meta": {},
                        "tainted": false
                    },
                    "deposed": [],
                    "provider": "provider.github"
                },
                "github_issue_label.charts.14": {
                    "type": "github_issue_label",
                    "depends_on": [
                        "github_repository.charts"
                    ],
                    "primary": {
                        "id": "charts:size/XL",
                        "attributes": {
                            "color": "b60205",
                            "id": "charts:size/XL",
                            "name": "size/XL",
                            "repository": "charts",
                            "url": "https://api.github.com/repos/request-yo-racks/charts/labels/size/XL"
                        },
                        "meta": {},
                        "tainted": false
                    },
                    "deposed": [],
                    "provider": "provider.github"
                },
                "github_issue_label.charts.15": {
                    "type": "github_issue_label",
                    "depends_on": [
                        "github_repository.charts"
                    ],
                    "primary": {
                        "id": "charts:size/XS",
                        "attributes": {
                            "color": "00FF00",
                            "id": "charts:size/XS",
                            "name": "size/XS",
                            "repository": "charts",
                            "url": "https://api.github.com/repos/request-yo-racks/charts/labels/size/XS"
                        },
                        "meta": {},
                        "tainted": false
                    },
                    "deposed": [],
                    "provider": "provider.github"
                },
                "github_issue_label.charts.16": {
                    "type": "github_issue_label",
                    "depends_on": [
                        "github_repository.charts"
                    ],
                    "primary": {
                        "id": "charts:size/XXL",
                        "attributes": {
                            "color": "8B0000",
                            "id": "charts:size/XXL",
                            "name": "size/XXL",
                            "repository": "charts",
                            "url": "https://api.github.com/repos/request-yo-racks/charts/labels/size/XXL"
                        },
                        "meta": {},
                        "tainted": false
                    },
                    "deposed": [],
                    "provider": "provider.github"
                },
                "github_issue_label.charts.17": {
                    "type": "github_issue_label",
                    "depends_on": [
                        "github_repository.charts"
                    ],
                    "primary": {
                        "id": "charts:status/claimed",
                        "attributes": {
                            "color": "fbca04",
                            "id": "charts:status/claimed",
                            "name": "status/claimed",
                            "repository": "charts",
                            "url": "https://api.github.com/repos/request-yo-racks/charts/labels/status/claimed"
                        },
                        "meta": {},
                        "tainted": false
                    },
                    "deposed": [],
                    "provider": "provider.github"
                },
                "github_issue_label.charts.18": {
                    "type": "github_issue_label",
                    "depends_on": [
                        "github_repository.charts"
                    ],
                    "primary": {
                        "id": "charts:status/help wanted",
                        "attributes": {
                            "color": "128A0C",
                            "id": "charts:status/help wanted",
                            "name": "status/help wanted",
                            "repository": "charts",
                            "url": "https://api.github.com/repos/request-yo-racks/charts/labels/status/help%20wanted"
                        },
                        "meta": {},
                        "tainted": false
                    },
                    "deposed": [],
                    "provider": "provider.github"
                },
                "github_issue_label.charts.19": {
                    "type": "github_issue_label",
                    "depends_on": [
                        "github_repository.charts"
                    ],
                    "primary": {
                        "id": "charts:status/invalid",
                        "attributes": {
                            "color": "000000",
                            "id": "charts:status/invalid",
                            "name": "status/invalid",
                            "repository": "charts",
                            "url": "https://api.github.com/repos/request-yo-racks/charts/labels/status/invalid"
                        },
                        "meta": {},
                        "tainted": false
                    },
                    "deposed": [],
                    "provider": "provider.github"
                },
                "github_issue_label.charts.2": {
                    "type": "github_issue_label",
                    "depends_on": [
                        "github_repository.charts"
                    ],
                    "primary": {
                        "id": "charts:exp/beginner",
                        "attributes": {
                            "color": "CBE4CE",
                            "id": "charts:exp/beginner",
                            "name": "exp/beginner",
                            "repository": "charts",
                            "url": "https://api.github.com/repos/request-yo-racks/charts/labels/exp/beginner"
                        },
                        "meta": {},
                        "tainted": false
                    },
                    "deposed": [],
                    "provider": "provider.github"
                },
                "github_issue_label.charts.20": {
                    "type": "github_issue_label",
                    "depends_on": [
                        "github_repository.charts"
                    ],
                    "primary": {
                        "id": "charts:status/more-info-needed",
                        "attributes": {
                            "color": "6A9798",
                            "id": "charts:status/more-info-needed",
                            "name": "status/more-info-needed",
                            "repository": "charts",
                            "url": "https://api.github.com/repos/request-yo-racks/charts/labels/status/more-info-needed"
                        },
                        "meta": {},
                        "tainted": false
                    },
                    "deposed": [],
                    "provider": "provider.github"
                },
                "github_issue_label.charts.21": {
                    "type": "github_issue_label",
                    "depends_on": [
                        "github_repository.charts"
                    ],
                    "primary": {
                        "id": "charts:status/requires changes",
                        "attributes": {
                            "color": "33cccc",
                            "id": "charts:status/requires changes",
                            "name": "status/requires changes",
                            "repository": "charts",
                            "url": "https://api.github.com/repos/request-yo-racks/charts/labels/status/requires%20changes"
                        },
                        "meta": {},
                        "tainted": false
                    },
                    "deposed": [],
                    "provider": "provider.github"
                },
                "github_issue_label.charts.22": {
                    "type": "github_issue_label",
                    "depends_on": [
                        "github_repository.charts"
                    ],
                    "primary": {
                        "id": "charts:status/review carefully!",
                        "attributes": {
                            "color": "b60205",
                            "id": "charts:status/review carefully!",
                            "name": "status/review carefully!",
                            "repository": "charts",
                            "url": "https://api.github.com/repos/request-yo-racks/charts/labels/status/review%20carefully!"
                        },
                        "meta": {},
                        "tainted": false
                    },
                    "deposed": [],
                    "provider": "provider.github"
                },
                "github_issue_label.charts.23": {
                    "type": "github_issue_label",
                    "depends_on": [
                        "github_repository.charts"
                    ],
                    "primary": {
                        "id": "charts:status/wontfix",
                        "attributes": {
                            "color": "000000",
                            "id": "charts:status/wontfix",
                            "name": "status/wontfix",
                            "repository": "charts",
                            "url": "https://api.github.com/repos/request-yo-racks/charts/labels/status/wontfix"
                        },
                        "meta": {},
                        "tainted": false
                    },
                    "deposed": [],
                    "provider": "provider.github"
                },
                "github_issue_label.charts.3": {
                    "type": "github_issue_label",
                    "depends_on": [
                        "github_repository.charts"
                    ],
                    "primary": {
                        "id": "charts:exp/expert",
                        "attributes": {
                            "color": "CBE4CE",
                            "id": "charts:exp/expert",
                            "name": "exp/expert",
                            "repository": "charts",
                            "url": "https://api.github.com/repos/request-yo-racks/charts/labels/exp/expert"
                        },
                        "meta": {},
                        "tainted": false
                    },
                    "deposed": [],
                    "provider": "provider.github"
                },
                "github_issue_label.charts.4": {
                    "type": "github_issue_label",
                    "depends_on": [
                        "github_repository.charts"
                    ],
                    "primary": {
                        "id": "charts:exp/intermediate",
                        "attributes": {
                            "color": "CBE4CE",
                            "id": "charts:exp/intermediate",
                            "name": "exp/intermediate",
                            "repository": "charts",
                            "url": "https://api.github.com/repos/request-yo-racks/charts/labels/exp/intermediate"
                        },
                        "meta": {},
                        "tainted": false
                    },
                    "deposed": [],
                    "provider": "provider.github"
                },
                "github_issue_label.charts.5": {
                    "type": "github_issue_label",
                    "depends_on": [
                        "github_repository.charts"
                    ],
                    "primary": {
                        "id": "charts:kind/bug",
                        "attributes": {
                            "color": "b60205",
                            "id": "charts:kind/bug",
                            "name": "kind/bug",
                            "repository": "charts",
                            "url": "https://api.github.com/repos/request-yo-racks/charts/labels/kind/bug"
                        },
                        "meta": {},
                        "tainted": false
                    },
                    "deposed": [],
                    "provider": "provider.github"
                },
                "github_issue_label.charts.6": {
                    "type": "github_issue_label",
                    "depends_on": [
                        "github_repository.charts"
                    ],
                    "primary": {
                        "id": "charts:kind/design",
                        "attributes": {
                            "color": "8000ff",
                            "id": "charts:kind/design",
                            "name": "kind/design",
                            "repository": "charts",
                            "url": "https://api.github.com/repos/request-yo-racks/charts/labels/kind/design"
                        },
                        "meta": {},
                        "tainted": false
                    },
                    "deposed": [],
                    "provider": "provider.github"
                },
                "github_issue_label.charts.7": {
                    "type": "github_issue_label",
                    "depends_on": [
                        "github_repository.charts"
                    ],
                    "primary": {
                        "id": "charts:kind/docs",
                        "attributes": {
                            "color": "4000ff",
                            "id": "charts:kind/docs",
                            "name": "kind/docs",
                            "repository": "charts",
                            "url": "https://api.github.com/repos/request-yo-racks/charts/labels/kind/docs"
                        },
                        "meta": {},
                        "tainted": false
                    },
                    "deposed": [],
                    "provider": "provider.github"
                },
                "github_issue_label.charts.8": {
                    "type": "github_issue_label",
                    "depends_on": [
                        "github_repository.charts"
                    ],
                    "primary": {
                        "id": "charts:kind/duplicate",
                        "attributes": {
                            "color": "cccccc",
                            "id": "charts:kind/duplicate",
                            "name": "kind/duplicate",
                            "repository": "charts",
                            "url": "https://api.github.com/repos/request-yo-racks/charts/labels/kind/duplicate"
                        },
                        "meta": {},
                        "tainted": false
                    },
                    "deposed": [],
                    "provider": "provider.github"
                },
                "github_issue_label.charts.9": {
                    "type": "github_issue_label",
                    "depends_on": [
                        "github_repository.charts"
                    ],
                    "primary": {
                        "id": "charts:kind/enhancement",
                        "attributes": {
                            "color": "E7D3BE",
                            "id": "charts:kind/enhancement",
                            "name": "kind/enhancement",
                            "repository": "charts",
                            "url": "https://api.github.com/repos/request-yo-racks/charts/labels/kind/enhancement"
                        },
                        "meta": {},
                        "tainted": false
                    },
                    "deposed": [],
                    "provider": "provider.github"
                },
                "github_issue_label.docker-celery-flower.0": {
                    "type": "github_issue_label",
                    "depends_on": [
                        "github_repository.docker-celery-flower"
                    ],
                    "primary": {
                        "id": "docker-celery-flower:environment/dev",
                        "attributes": {
                            "color": "F7FBFF",
                            "id": "docker-celery-flower:environment/dev",
                            "name": "environment/dev",
                            "repository": "docker-celery-flower",
                            "url": "https://api.github.com/repos/request-yo-racks/docker-celery-flower/labels/environment/dev"
                        },
                        "meta": {},
                        "tainted": false
                    },
                    "deposed": [],
                    "provider": "provider.github"
                },
                "github_issue_label.docker-celery-flower.1": {
                    "type": "github_issue_label",
                    "depends_on": [
                        "github_repository.docker-celery-flower"
                    ],
                    "primary": {
                        "id": "docker-celery-flower:environment/prod",
                        "attributes": {
                            "color": "F7FBFF",
                            "id": "docker-celery-flower:environment/prod",
                            "name": "environment/prod",
                            "repository": "docker-celery-flower",
                            "url": "https://api.github.com/repos/request-yo-racks/docker-celery-flower/labels/environment/prod"
                        },
                        "meta": {},
                        "tainted": false
                    },
                    "deposed": [],
                    "provider": "provider.github"
                },
                "github_issue_label.docker-celery-flower.10": {
                    "type": "github_issue_label",
                    "depends_on": [
                        "github_repository.docker-celery-flower"
                    ],
                    "primary": {
                        "id": "docker-celery-flower:kind/question",
                        "attributes": {
                            "color": "EFF1D5",
                            "id": "docker-celery-flower:kind/question",
                            "name": "kind/question",
                            "repository": "docker-celery-flower",
                            "url": "https://api.github.com/repos/request-yo-racks/docker-celery-flower/labels/kind/question"
                        },
                        "meta": {},
                        "tainted": false
                    },
                    "deposed": [],
                    "provider": "provider.github"
                },
                "github_issue_label.docker-celery-flower.11": {
                    "type": "github_issue_label",
                    "depends_on": [
                        "github_repository.docker-celery-flower"
                    ],
                    "primary": {
                        "id": "docker-celery-flower:size/L",
                        "attributes": {
                            "color": "ff9933",
                            "id": "docker-celery-flower:size/L",
                            "name": "size/L",
                            "repository": "docker-celery-flower",
                            "url": "https://api.github.com/repos/request-yo-racks/docker-celery-flower/labels/size/L"
                        },
                        "meta": {},
                        "tainted": false
                    },
                    "deposed": [],
                    "provider": "provider.github"
                },
                "github_issue_label.docker-celery-flower.12": {
                    "type": "github_issue_label",
                    "depends_on": [
                        "github_repository.docker-celery-flower"
                    ],
                    "primary": {
                        "id": "docker-celery-flower:size/M",
                        "attributes": {
                            "color": "FFFF00",
                            "id": "docker-celery-flower:size/M",
                            "name": "size/M",
                            "repository": "docker-celery-flower",
                            "url": "https://api.github.com/repos/request-yo-racks/docker-celery-flower/labels/size/M"
                        },
                        "meta": {},
                        "tainted": false
                    },
                    "deposed": [],
                    "provider": "provider.github"
                },
                "github_issue_label.docker-celery-flower.13": {
                    "type": "github_issue_label",
                    "depends_on": [
                        "github_repository.docker-celery-flower"
                    ],
                    "primary": {
                        "id": "docker-celery-flower:size/S",
                        "attributes": {
                            "color": "CCFF66",
                            "id": "docker-celery-flower:size/S",
                            "name": "size/S",
                            "repository": "docker-celery-flower",
                            "url": "https://api.github.com/repos/request-yo-racks/docker-celery-flower/labels/size/S"
                        },
                        "meta": {},
                        "tainted": false
                    },
                    "deposed": [],
                    "provider": "provider.github"
                },
                "github_issue_label.docker-celery-flower.14": {
                    "type": "github_issue_label",
                    "depends_on": [
                        "github_repository.docker-celery-flower"
                    ],
                    "primary": {
                        "id": "docker-celery-flower:size/XL",
                        "attributes": {
                            "color": "b60205",
                            "id": "docker-celery-flower:size/XL",
                            "name": "size/XL",
                            "repository": "docker-celery-flower",
                            "url": "https://api.github.com/repos/request-yo-racks/docker-celery-flower/labels/size/XL"
                        },
                        "meta": {},
                        "tainted": false
                    },
                    "deposed": [],
                    "provider": "provider.github"
                },
                "github_issue_label.docker-celery-flower.15": {
                    "type": "github_issue_label",
                    "depends_on": [
                        "github_repository.docker-celery-flower"
                    ],
                    "primary": {
                        "id": "docker-celery-flower:size/XS",
                        "attributes": {
                            "color": "00FF00",
                            "id": "docker-celery-flower:size/XS",
                            "name": "size/XS",
                            "repository": "docker-celery-flower",
                            "url": "https://api.github.com/repos/request-yo-racks/docker-celery-flower/labels/size/XS"
                        },
                        "meta": {},
                        "tainted": false
                    },
                    "deposed": [],
                    "provider": "provider.github"
                },
                "github_issue_label.docker-celery-flower.16": {
                    "type": "github_issue_label",
                    "depends_on": [
                        "github_repository.docker-celery-flower"
                    ],
                    "primary": {
                        "id": "docker-celery-flower:size/XXL",
                        "attributes": {
                            "color": "8B0000",
                            "id": "docker-celery-flower:size/XXL",
                            "name": "size/XXL",
                            "repository": "docker-celery-flower",
                            "url": "https://api.github.com/repos/request-yo-racks/docker-celery-flower/labels/size/XXL"
                        },
                        "meta": {},
                        "tainted": false
                    },
                    "deposed": [],
                    "provider": "provider.github"
                },
                "github_issue_label.docker-celery-flower.17": {
                    "type": "github_issue_label",
                    "depends_on": [
                        "github_repository.docker-celery-flower"
                    ],
                    "primary": {
                        "id": "docker-celery-flower:status/claimed",
                        "attributes": {
                            "color": "fbca04",
                            "id": "docker-celery-flower:status/claimed",
                            "name": "status/claimed",
                            "repository": "docker-celery-flower",
                            "url": "https://api.github.com/repos/request-yo-racks/docker-celery-flower/labels/status/claimed"
                        },
                        "meta": {},
                        "tainted": false
                    },
                    "deposed": [],
                    "provider": "provider.github"
                },
                "github_issue_label.docker-celery-flower.18": {
                    "type": "github_issue_label",
                    "depends_on": [
                        "github_repository.docker-celery-flower"
                    ],
                    "primary": {
                        "id": "docker-celery-flower:status/help wanted",
                        "attributes": {
                            "color": "128A0C",
                            "id": "docker-celery-flower:status/help wanted",
                            "name": "status/help wanted",
                            "repository": "docker-celery-flower",
                            "url": "https://api.github.com/repos/request-yo-racks/docker-celery-flower/labels/status/help%20wanted"
                        },
                        "meta": {},
                        "tainted": false
                    },
                    "deposed": [],
                    "provider": "provider.github"
                },
                "github_issue_label.docker-celery-flower.19": {
                    "type": "github_issue_label",
                    "depends_on": [
                        "github_repository.docker-celery-flower"
                    ],
                    "primary": {
                        "id": "docker-celery-flower:status/invalid",
                        "attributes": {
                            "color": "000000",
                            "id": "docker-celery-flower:status/invalid",
                            "name": "status/invalid",
                            "repository": "docker-celery-flower",
                            "url": "https://api.github.com/repos/request-yo-racks/docker-celery-flower/labels/status/invalid"
                        },
                        "meta": {},
                        "tainted": false
                    },
                    "deposed": [],
                    "provider": "provider.github"
                },
                "github_issue_label.docker-celery-flower.2": {
                    "type": "github_issue_label",
                    "depends_on": [
                        "github_repository.docker-celery-flower"
                    ],
                    "primary": {
                        "id": "docker-celery-flower:exp/beginner",
                        "attributes": {
                            "color": "CBE4CE",
                            "id": "docker-celery-flower:exp/beginner",
                            "name": "exp/beginner",
                            "repository": "docker-celery-flower",
                            "url": "https://api.github.com/repos/request-yo-racks/docker-celery-flower/labels/exp/beginner"
                        },
                        "meta": {},
                        "tainted": false
                    },
                    "deposed": [],
                    "provider": "provider.github"
                },
                "github_issue_label.docker-celery-flower.20": {
                    "type": "github_issue_label",
                    "depends_on": [
                        "github_repository.docker-celery-flower"
                    ],
                    "primary": {
                        "id": "docker-celery-flower:status/more-info-needed",
                        "attributes": {
                            "color": "6A9798",
                            "id": "docker-celery-flower:status/more-info-needed",
                            "name": "status/more-info-needed",
                            "repository": "docker-celery-flower",
                            "url": "https://api.github.com/repos/request-yo-racks/docker-celery-flower/labels/status/more-info-needed"
                        },
                        "meta": {},
                        "tainted": false
                    },
                    "deposed": [],
                    "provider": "provider.github"
                },
                "github_issue_label.docker-celery-flower.21": {
                    "type": "github_issue_label",
                    "depends_on": [
                        "github_repository.docker-celery-flower"
                    ],
                    "primary": {
                        "id": "docker-celery-flower:status/requires changes",
                        "attributes": {
                            "color": "33cccc",
                            "id": "docker-celery-flower:status/requires changes",
                            "name": "status/requires changes",
                            "repository": "docker-celery-flower",
                            "url": "https://api.github.com/repos/request-yo-racks/docker-celery-flower/labels/status/requires%20changes"
                        },
                        "meta": {},
                        "tainted": false
                    },
                    "deposed": [],
                    "provider": "provider.github"
                },
                "github_issue_label.docker-celery-flower.22": {
                    "type": "github_issue_label",
                    "depends_on": [
                        "github_repository.docker-celery-flower"
                    ],
                    "primary": {
                        "id": "docker-celery-flower:status/review carefully!",
                        "attributes": {
                            "color": "b60205",
                            "id": "docker-celery-flower:status/review carefully!",
                            "name": "status/review carefully!",
                            "repository": "docker-celery-flower",
                            "url": "https://api.github.com/repos/request-yo-racks/docker-celery-flower/labels/status/review%20carefully!"
                        },
                        "meta": {},
                        "tainted": false
                    },
                    "deposed": [],
                    "provider": "provider.github"
                },
                "github_issue_label.docker-celery-flower.23": {
                    "type": "github_issue_label",
                    "depends_on": [
                        "github_repository.docker-celery-flower"
                    ],
                    "primary": {
                        "id": "docker-celery-flower:status/wontfix",
                        "attributes": {
                            "color": "000000",
                            "id": "docker-celery-flower:status/wontfix",
                            "name": "status/wontfix",
                            "repository": "docker-celery-flower",
                            "url": "https://api.github.com/repos/request-yo-racks/docker-celery-flower/labels/status/wontfix"
                        },
                        "meta": {},
                        "tainted": false
                    },
                    "deposed": [],
                    "provider": "provider.github"
                },
                "github_issue_label.docker-celery-flower.3": {
                    "type": "github_issue_label",
                    "depends_on": [
                        "github_repository.docker-celery-flower"
                    ],
                    "primary": {
                        "id": "docker-celery-flower:exp/expert",
                        "attributes": {
                            "color": "CBE4CE",
                            "id": "docker-celery-flower:exp/expert",
                            "name": "exp/expert",
                            "repository": "docker-celery-flower",
                            "url": "https://api.github.com/repos/request-yo-racks/docker-celery-flower/labels/exp/expert"
                        },
                        "meta": {},
                        "tainted": false
                    },
                    "deposed": [],
                    "provider": "provider.github"
                },
                "github_issue_label.docker-celery-flower.4": {
                    "type": "github_issue_label",
                    "depends_on": [
                        "github_repository.docker-celery-flower"
                    ],
                    "primary": {
                        "id": "docker-celery-flower:exp/intermediate",
                        "attributes": {
                            "color": "CBE4CE",
                            "id": "docker-celery-flower:exp/intermediate",
                            "name": "exp/intermediate",
                            "repository": "docker-celery-flower",
                            "url": "https://api.github.com/repos/request-yo-racks/docker-celery-flower/labels/exp/intermediate"
                        },
                        "meta": {},
                        "tainted": false
                    },
                    "deposed": [],
                    "provider": "provider.github"
                },
                "github_issue_label.docker-celery-flower.5": {
                    "type": "github_issue_label",
                    "depends_on": [
                        "github_repository.docker-celery-flower"
                    ],
                    "primary": {
                        "id": "docker-celery-flower:kind/bug",
                        "attributes": {
                            "color": "b60205",
                            "id": "docker-celery-flower:kind/bug",
                            "name": "kind/bug",
                            "repository": "docker-celery-flower",
                            "url": "https://api.github.com/repos/request-yo-racks/docker-celery-flower/labels/kind/bug"
                        },
                        "meta": {},
                        "tainted": false
                    },
                    "deposed": [],
                    "provider": "provider.github"
                },
                "github_issue_label.docker-celery-flower.6": {
                    "type": "github_issue_label",
                    "depends_on": [
                        "github_repository.docker-celery-flower"
                    ],
                    "primary": {
                        "id": "docker-celery-flower:kind/design",
                        "attributes": {
                            "color": "8000ff",
                            "id": "docker-celery-flower:kind/design",
                            "name": "kind/design",
                            "repository": "docker-celery-flower",
                            "url": "https://api.github.com/repos/request-yo-racks/docker-celery-flower/labels/kind/design"
                        },
                        "meta": {},
                        "tainted": false
                    },
                    "deposed": [],
                    "provider": "provider.github"
                },
                "github_issue_label.docker-celery-flower.7": {
                    "type": "github_issue_label",
                    "depends_on": [
                        "github_repository.docker-celery-flower"
                    ],
                    "primary": {
                        "id": "docker-celery-flower:kind/docs",
                        "attributes": {
                            "color": "4000ff",
                            "id": "docker-celery-flower:kind/docs",
                            "name": "kind/docs",
                            "repository": "docker-celery-flower",
                            "url": "https://api.github.com/repos/request-yo-racks/docker-celery-flower/labels/kind/docs"
                        },
                        "meta": {},
                        "tainted": false
                    },
                    "deposed": [],
                    "provider": "provider.github"
                },
                "github_issue_label.docker-celery-flower.8": {
                    "type": "github_issue_label",
                    "depends_on": [
                        "github_repository.docker-celery-flower"
                    ],
                    "primary": {
                        "id": "docker-celery-flower:kind/duplicate",
                        "attributes": {
                            "color": "cccccc",
                            "id": "docker-celery-flower:kind/duplicate",
                            "name": "kind/duplicate",
                            "repository": "docker-celery-flower",
                            "url": "https://api.github.com/repos/request-yo-racks/docker-celery-flower/labels/kind/duplicate"
                        },
                        "meta": {},
                        "tainted": false
                    },
                    "deposed": [],
                    "provider": "provider.github"
                },
                "github_issue_label.docker-celery-flower.9": {
                    "type": "github_issue_label",
                    "depends_on": [
                        "github_repository.docker-celery-flower"
                    ],
                    "primary": {
                        "id": "docker-celery-flower:kind/enhancement",
                        "attributes": {
                            "color": "E7D3BE",
                            "id": "docker-celery-flower:kind/enhancement",
                            "name": "kind/enhancement",
                            "repository": "docker-celery-flower",
                            "url": "https://api.github.com/repos/request-yo-racks/docker-celery-flower/labels/kind/enhancement"
                        },
                        "meta": {},
                        "tainted": false
                    },
                    "deposed": [],
                    "provider": "provider.github"
                },
                "github_issue_label.docs.0": {
                    "type": "github_issue_label",
                    "depends_on": [
                        "github_repository.docs"
                    ],
                    "primary": {
                        "id": "docs:environment/dev",
                        "attributes": {
                            "color": "F7FBFF",
                            "id": "docs:environment/dev",
                            "name": "environment/dev",
                            "repository": "docs",
                            "url": "https://api.github.com/repos/request-yo-racks/docs/labels/environment/dev"
                        },
                        "meta": {},
                        "tainted": false
                    },
                    "deposed": [],
                    "provider": "provider.github"
                },
                "github_issue_label.docs.1": {
                    "type": "github_issue_label",
                    "depends_on": [
                        "github_repository.docs"
                    ],
                    "primary": {
                        "id": "docs:environment/prod",
                        "attributes": {
                            "color": "F7FBFF",
                            "id": "docs:environment/prod",
                            "name": "environment/prod",
                            "repository": "docs",
                            "url": "https://api.github.com/repos/request-yo-racks/docs/labels/environment/prod"
                        },
                        "meta": {},
                        "tainted": false
                    },
                    "deposed": [],
                    "provider": "provider.github"
                },
                "github_issue_label.docs.10": {
                    "type": "github_issue_label",
                    "depends_on": [
                        "github_repository.docs"
                    ],
                    "primary": {
                        "id": "docs:kind/question",
                        "attributes": {
                            "color": "EFF1D5",
                            "id": "docs:kind/question",
                            "name": "kind/question",
                            "repository": "docs",
                            "url": "https://api.github.com/repos/request-yo-racks/docs/labels/kind/question"
                        },
                        "meta": {},
                        "tainted": false
                    },
                    "deposed": [],
                    "provider": "provider.github"
                },
                "github_issue_label.docs.11": {
                    "type": "github_issue_label",
                    "depends_on": [
                        "github_repository.docs"
                    ],
                    "primary": {
                        "id": "docs:size/L",
                        "attributes": {
                            "color": "ff9933",
                            "id": "docs:size/L",
                            "name": "size/L",
                            "repository": "docs",
                            "url": "https://api.github.com/repos/request-yo-racks/docs/labels/size/L"
                        },
                        "meta": {},
                        "tainted": false
                    },
                    "deposed": [],
                    "provider": "provider.github"
                },
                "github_issue_label.docs.12": {
                    "type": "github_issue_label",
                    "depends_on": [
                        "github_repository.docs"
                    ],
                    "primary": {
                        "id": "docs:size/M",
                        "attributes": {
                            "color": "FFFF00",
                            "id": "docs:size/M",
                            "name": "size/M",
                            "repository": "docs",
                            "url": "https://api.github.com/repos/request-yo-racks/docs/labels/size/M"
                        },
                        "meta": {},
                        "tainted": false
                    },
                    "deposed": [],
                    "provider": "provider.github"
                },
                "github_issue_label.docs.13": {
                    "type": "github_issue_label",
                    "depends_on": [
                        "github_repository.docs"
                    ],
                    "primary": {
                        "id": "docs:size/S",
                        "attributes": {
                            "color": "CCFF66",
                            "id": "docs:size/S",
                            "name": "size/S",
                            "repository": "docs",
                            "url": "https://api.github.com/repos/request-yo-racks/docs/labels/size/S"
                        },
                        "meta": {},
                        "tainted": false
                    },
                    "deposed": [],
                    "provider": "provider.github"
                },
                "github_issue_label.docs.14": {
                    "type": "github_issue_label",
                    "depends_on": [
                        "github_repository.docs"
                    ],
                    "primary": {
                        "id": "docs:size/XL",
                        "attributes": {
                            "color": "b60205",
                            "id": "docs:size/XL",
                            "name": "size/XL",
                            "repository": "docs",
                            "url": "https://api.github.com/repos/request-yo-racks/docs/labels/size/XL"
                        },
                        "meta": {},
                        "tainted": false
                    },
                    "deposed": [],
                    "provider": "provider.github"
                },
                "github_issue_label.docs.15": {
                    "type": "github_issue_label",
                    "depends_on": [
                        "github_repository.docs"
                    ],
                    "primary": {
                        "id": "docs:size/XS",
                        "attributes": {
                            "color": "00FF00",
                            "id": "docs:size/XS",
                            "name": "size/XS",
                            "repository": "docs",
                            "url": "https://api.github.com/repos/request-yo-racks/docs/labels/size/XS"
                        },
                        "meta": {},
                        "tainted": false
                    },
                    "deposed": [],
                    "provider": "provider.github"
                },
                "github_issue_label.docs.16": {
                    "type": "github_issue_label",
                    "depends_on": [
                        "github_repository.docs"
                    ],
                    "primary": {
                        "id": "docs:size/XXL",
                        "attributes": {
                            "color": "8B0000",
                            "id": "docs:size/XXL",
                            "name": "size/XXL",
                            "repository": "docs",
                            "url": "https://api.github.com/repos/request-yo-racks/docs/labels/size/XXL"
                        },
                        "meta": {},
                        "tainted": false
                    },
                    "deposed": [],
                    "provider": "provider.github"
                },
                "github_issue_label.docs.17": {
                    "type": "github_issue_label",
                    "depends_on": [
                        "github_repository.docs"
                    ],
                    "primary": {
                        "id": "docs:status/claimed",
                        "attributes": {
                            "color": "fbca04",
                            "id": "docs:status/claimed",
                            "name": "status/claimed",
                            "repository": "docs",
                            "url": "https://api.github.com/repos/request-yo-racks/docs/labels/status/claimed"
                        },
                        "meta": {},
                        "tainted": false
                    },
                    "deposed": [],
                    "provider": "provider.github"
                },
                "github_issue_label.docs.18": {
                    "type": "github_issue_label",
                    "depends_on": [
                        "github_repository.docs"
                    ],
                    "primary": {
                        "id": "docs:status/help wanted",
                        "attributes": {
                            "color": "128A0C",
                            "id": "docs:status/help wanted",
                            "name": "status/help wanted",
                            "repository": "docs",
                            "url": "https://api.github.com/repos/request-yo-racks/docs/labels/status/help%20wanted"
                        },
                        "meta": {},
                        "tainted": false
                    },
                    "deposed": [],
                    "provider": "provider.github"
                },
                "github_issue_label.docs.19": {
                    "type": "github_issue_label",
                    "depends_on": [
                        "github_repository.docs"
                    ],
                    "primary": {
                        "id": "docs:status/invalid",
                        "attributes": {
                            "color": "000000",
                            "id": "docs:status/invalid",
                            "name": "status/invalid",
                            "repository": "docs",
                            "url": "https://api.github.com/repos/request-yo-racks/docs/labels/status/invalid"
                        },
                        "meta": {},
                        "tainted": false
                    },
                    "deposed": [],
                    "provider": "provider.github"
                },
                "github_issue_label.docs.2": {
                    "type": "github_issue_label",
                    "depends_on": [
                        "github_repository.docs"
                    ],
                    "primary": {
                        "id": "docs:exp/beginner",
                        "attributes": {
                            "color": "CBE4CE",
                            "id": "docs:exp/beginner",
                            "name": "exp/beginner",
                            "repository": "docs",
                            "url": "https://api.github.com/repos/request-yo-racks/docs/labels/exp/beginner"
                        },
                        "meta": {},
                        "tainted": false
                    },
                    "deposed": [],
                    "provider": "provider.github"
                },
                "github_issue_label.docs.20": {
                    "type": "github_issue_label",
                    "depends_on": [
                        "github_repository.docs"
                    ],
                    "primary": {
                        "id": "docs:status/more-info-needed",
                        "attributes": {
                            "color": "6A9798",
                            "id": "docs:status/more-info-needed",
                            "name": "status/more-info-needed",
                            "repository": "docs",
                            "url": "https://api.github.com/repos/request-yo-racks/docs/labels/status/more-info-needed"
                        },
                        "meta": {},
                        "tainted": false
                    },
                    "deposed": [],
                    "provider": "provider.github"
                },
                "github_issue_label.docs.21": {
                    "type": "github_issue_label",
                    "depends_on": [
                        "github_repository.docs"
                    ],
                    "primary": {
                        "id": "docs:status/requires changes",
                        "attributes": {
                            "color": "33cccc",
                            "id": "docs:status/requires changes",
                            "name": "status/requires changes",
                            "repository": "docs",
                            "url": "https://api.github.com/repos/request-yo-racks/docs/labels/status/requires%20changes"
                        },
                        "meta": {},
                        "tainted": false
                    },
                    "deposed": [],
                    "provider": "provider.github"
                },
                "github_issue_label.docs.22": {
                    "type": "github_issue_label",
                    "depends_on": [
                        "github_repository.docs"
                    ],
                    "primary": {
                        "id": "docs:status/review carefully!",
                        "attributes": {
                            "color": "b60205",
                            "id": "docs:status/review carefully!",
                            "name": "status/review carefully!",
                            "repository": "docs",
                            "url": "https://api.github.com/repos/request-yo-racks/docs/labels/status/review%20carefully!"
                        },
                        "meta": {},
                        "tainted": false
                    },
                    "deposed": [],
                    "provider": "provider.github"
                },
                "github_issue_label.docs.23": {
                    "type": "github_issue_label",
                    "depends_on": [
                        "github_repository.docs"
                    ],
                    "primary": {
                        "id": "docs:status/wontfix",
                        "attributes": {
                            "color": "000000",
                            "id": "docs:status/wontfix",
                            "name": "status/wontfix",
                            "repository": "docs",
                            "url": "https://api.github.com/repos/request-yo-racks/docs/labels/status/wontfix"
                        },
                        "meta": {},
                        "tainted": false
                    },
                    "deposed": [],
                    "provider": "provider.github"
                },
                "github_issue_label.docs.3": {
                    "type": "github_issue_label",
                    "depends_on": [
                        "github_repository.docs"
                    ],
                    "primary": {
                        "id": "docs:exp/expert",
                        "attributes": {
                            "color": "CBE4CE",
                            "id": "docs:exp/expert",
                            "name": "exp/expert",
                            "repository": "docs",
                            "url": "https://api.github.com/repos/request-yo-racks/docs/labels/exp/expert"
                        },
                        "meta": {},
                        "tainted": false
                    },
                    "deposed": [],
                    "provider": "provider.github"
                },
                "github_issue_label.docs.4": {
                    "type": "github_issue_label",
                    "depends_on": [
                        "github_repository.docs"
                    ],
                    "primary": {
                        "id": "docs:exp/intermediate",
                        "attributes": {
                            "color": "CBE4CE",
                            "id": "docs:exp/intermediate",
                            "name": "exp/intermediate",
                            "repository": "docs",
                            "url": "https://api.github.com/repos/request-yo-racks/docs/labels/exp/intermediate"
                        },
                        "meta": {},
                        "tainted": false
                    },
                    "deposed": [],
                    "provider": "provider.github"
                },
                "github_issue_label.docs.5": {
                    "type": "github_issue_label",
                    "depends_on": [
                        "github_repository.docs"
                    ],
                    "primary": {
                        "id": "docs:kind/bug",
                        "attributes": {
                            "color": "b60205",
                            "id": "docs:kind/bug",
                            "name": "kind/bug",
                            "repository": "docs",
                            "url": "https://api.github.com/repos/request-yo-racks/docs/labels/kind/bug"
                        },
                        "meta": {},
                        "tainted": false
                    },
                    "deposed": [],
                    "provider": "provider.github"
                },
                "github_issue_label.docs.6": {
                    "type": "github_issue_label",
                    "depends_on": [
                        "github_repository.docs"
                    ],
                    "primary": {
                        "id": "docs:kind/design",
                        "attributes": {
                            "color": "8000ff",
                            "id": "docs:kind/design",
                            "name": "kind/design",
                            "repository": "docs",
                            "url": "https://api.github.com/repos/request-yo-racks/docs/labels/kind/design"
                        },
                        "meta": {},
                        "tainted": false
                    },
                    "deposed": [],
                    "provider": "provider.github"
                },
                "github_issue_label.docs.7": {
                    "type": "github_issue_label",
                    "depends_on": [
                        "github_repository.docs"
                    ],
                    "primary": {
                        "id": "docs:kind/docs",
                        "attributes": {
                            "color": "4000ff",
                            "id": "docs:kind/docs",
                            "name": "kind/docs",
                            "repository": "docs",
                            "url": "https://api.github.com/repos/request-yo-racks/docs/labels/kind/docs"
                        },
                        "meta": {},
                        "tainted": false
                    },
                    "deposed": [],
                    "provider": "provider.github"
                },
                "github_issue_label.docs.8": {
                    "type": "github_issue_label",
                    "depends_on": [
                        "github_repository.docs"
                    ],
                    "primary": {
                        "id": "docs:kind/duplicate",
                        "attributes": {
                            "color": "cccccc",
                            "id": "docs:kind/duplicate",
                            "name": "kind/duplicate",
                            "repository": "docs",
                            "url": "https://api.github.com/repos/request-yo-racks/docs/labels/kind/duplicate"
                        },
                        "meta": {},
                        "tainted": false
                    },
                    "deposed": [],
                    "provider": "provider.github"
                },
                "github_issue_label.docs.9": {
                    "type": "github_issue_label",
                    "depends_on": [
                        "github_repository.docs"
                    ],
                    "primary": {
                        "id": "docs:kind/enhancement",
                        "attributes": {
                            "color": "E7D3BE",
                            "id": "docs:kind/enhancement",
                            "name": "kind/enhancement",
                            "repository": "docs",
                            "url": "https://api.github.com/repos/request-yo-racks/docs/labels/kind/enhancement"
                        },
                        "meta": {},
                        "tainted": false
                    },
                    "deposed": [],
                    "provider": "provider.github"
                },
                "github_issue_label.infra.0": {
                    "type": "github_issue_label",
                    "depends_on": [
                        "github_repository.infra"
                    ],
                    "primary": {
                        "id": "infra:environment/dev",
                        "attributes": {
                            "color": "F7FBFF",
                            "id": "infra:environment/dev",
                            "name": "environment/dev",
                            "repository": "infra",
                            "url": "https://api.github.com/repos/request-yo-racks/infra/labels/environment/dev"
                        },
                        "meta": {},
                        "tainted": false
                    },
                    "deposed": [],
                    "provider": "provider.github"
                },
                "github_issue_label.infra.1": {
                    "type": "github_issue_label",
                    "depends_on": [
                        "github_repository.infra"
                    ],
                    "primary": {
                        "id": "infra:environment/prod",
                        "attributes": {
                            "color": "F7FBFF",
                            "id": "infra:environment/prod",
                            "name": "environment/prod",
                            "repository": "infra",
                            "url": "https://api.github.com/repos/request-yo-racks/infra/labels/environment/prod"
                        },
                        "meta": {},
                        "tainted": false
                    },
                    "deposed": [],
                    "provider": "provider.github"
                },
                "github_issue_label.infra.10": {
                    "type": "github_issue_label",
                    "depends_on": [
                        "github_repository.infra"
                    ],
                    "primary": {
                        "id": "infra:kind/question",
                        "attributes": {
                            "color": "EFF1D5",
                            "id": "infra:kind/question",
                            "name": "kind/question",
                            "repository": "infra",
                            "url": "https://api.github.com/repos/request-yo-racks/infra/labels/kind/question"
                        },
                        "meta": {},
                        "tainted": false
                    },
                    "deposed": [],
                    "provider": "provider.github"
                },
                "github_issue_label.infra.11": {
                    "type": "github_issue_label",
                    "depends_on": [
                        "github_repository.infra"
                    ],
                    "primary": {
                        "id": "infra:size/L",
                        "attributes": {
                            "color": "ff9933",
                            "id": "infra:size/L",
                            "name": "size/L",
                            "repository": "infra",
                            "url": "https://api.github.com/repos/request-yo-racks/infra/labels/size/L"
                        },
                        "meta": {},
                        "tainted": false
                    },
                    "deposed": [],
                    "provider": "provider.github"
                },
                "github_issue_label.infra.12": {
                    "type": "github_issue_label",
                    "depends_on": [
                        "github_repository.infra"
                    ],
                    "primary": {
                        "id": "infra:size/M",
                        "attributes": {
                            "color": "FFFF00",
                            "id": "infra:size/M",
                            "name": "size/M",
                            "repository": "infra",
                            "url": "https://api.github.com/repos/request-yo-racks/infra/labels/size/M"
                        },
                        "meta": {},
                        "tainted": false
                    },
                    "deposed": [],
                    "provider": "provider.github"
                },
                "github_issue_label.infra.13": {
                    "type": "github_issue_label",
                    "depends_on": [
                        "github_repository.infra"
                    ],
                    "primary": {
                        "id": "infra:size/S",
                        "attributes": {
                            "color": "CCFF66",
                            "id": "infra:size/S",
                            "name": "size/S",
                            "repository": "infra",
                            "url": "https://api.github.com/repos/request-yo-racks/infra/labels/size/S"
                        },
                        "meta": {},
                        "tainted": false
                    },
                    "deposed": [],
                    "provider": "provider.github"
                },
                "github_issue_label.infra.14": {
                    "type": "github_issue_label",
                    "depends_on": [
                        "github_repository.infra"
                    ],
                    "primary": {
                        "id": "infra:size/XL",
                        "attributes": {
                            "color": "b60205",
                            "id": "infra:size/XL",
                            "name": "size/XL",
                            "repository": "infra",
                            "url": "https://api.github.com/repos/request-yo-racks/infra/labels/size/XL"
                        },
                        "meta": {},
                        "tainted": false
                    },
                    "deposed": [],
                    "provider": "provider.github"
                },
                "github_issue_label.infra.15": {
                    "type": "github_issue_label",
                    "depends_on": [
                        "github_repository.infra"
                    ],
                    "primary": {
                        "id": "infra:size/XS",
                        "attributes": {
                            "color": "00FF00",
                            "id": "infra:size/XS",
                            "name": "size/XS",
                            "repository": "infra",
                            "url": "https://api.github.com/repos/request-yo-racks/infra/labels/size/XS"
                        },
                        "meta": {},
                        "tainted": false
                    },
                    "deposed": [],
                    "provider": "provider.github"
                },
                "github_issue_label.infra.16": {
                    "type": "github_issue_label",
                    "depends_on": [
                        "github_repository.infra"
                    ],
                    "primary": {
                        "id": "infra:size/XXL",
                        "attributes": {
                            "color": "8B0000",
                            "id": "infra:size/XXL",
                            "name": "size/XXL",
                            "repository": "infra",
                            "url": "https://api.github.com/repos/request-yo-racks/infra/labels/size/XXL"
                        },
                        "meta": {},
                        "tainted": false
                    },
                    "deposed": [],
                    "provider": "provider.github"
                },
                "github_issue_label.infra.17": {
                    "type": "github_issue_label",
                    "depends_on": [
                        "github_repository.infra"
                    ],
                    "primary": {
                        "id": "infra:status/claimed",
                        "attributes": {
                            "color": "fbca04",
                            "id": "infra:status/claimed",
                            "name": "status/claimed",
                            "repository": "infra",
                            "url": "https://api.github.com/repos/request-yo-racks/infra/labels/status/claimed"
                        },
                        "meta": {},
                        "tainted": false
                    },
                    "deposed": [],
                    "provider": "provider.github"
                },
                "github_issue_label.infra.18": {
                    "type": "github_issue_label",
                    "depends_on": [
                        "github_repository.infra"
                    ],
                    "primary": {
                        "id": "infra:status/help wanted",
                        "attributes": {
                            "color": "128A0C",
                            "id": "infra:status/help wanted",
                            "name": "status/help wanted",
                            "repository": "infra",
                            "url": "https://api.github.com/repos/request-yo-racks/infra/labels/status/help%20wanted"
                        },
                        "meta": {},
                        "tainted": false
                    },
                    "deposed": [],
                    "provider": "provider.github"
                },
                "github_issue_label.infra.19": {
                    "type": "github_issue_label",
                    "depends_on": [
                        "github_repository.infra"
                    ],
                    "primary": {
                        "id": "infra:status/invalid",
                        "attributes": {
                            "color": "000000",
                            "id": "infra:status/invalid",
                            "name": "status/invalid",
                            "repository": "infra",
                            "url": "https://api.github.com/repos/request-yo-racks/infra/labels/status/invalid"
                        },
                        "meta": {},
                        "tainted": false
                    },
                    "deposed": [],
                    "provider": "provider.github"
                },
                "github_issue_label.infra.2": {
                    "type": "github_issue_label",
                    "depends_on": [
                        "github_repository.infra"
                    ],
                    "primary": {
                        "id": "infra:exp/beginner",
                        "attributes": {
                            "color": "CBE4CE",
                            "id": "infra:exp/beginner",
                            "name": "exp/beginner",
                            "repository": "infra",
                            "url": "https://api.github.com/repos/request-yo-racks/infra/labels/exp/beginner"
                        },
                        "meta": {},
                        "tainted": false
                    },
                    "deposed": [],
                    "provider": "provider.github"
                },
                "github_issue_label.infra.20": {
                    "type": "github_issue_label",
                    "depends_on": [
                        "github_repository.infra"
                    ],
                    "primary": {
                        "id": "infra:status/more-info-needed",
                        "attributes": {
                            "color": "6A9798",
                            "id": "infra:status/more-info-needed",
                            "name": "status/more-info-needed",
                            "repository": "infra",
                            "url": "https://api.github.com/repos/request-yo-racks/infra/labels/status/more-info-needed"
                        },
                        "meta": {},
                        "tainted": false
                    },
                    "deposed": [],
                    "provider": "provider.github"
                },
                "github_issue_label.infra.21": {
                    "type": "github_issue_label",
                    "depends_on": [
                        "github_repository.infra"
                    ],
                    "primary": {
                        "id": "infra:status/requires changes",
                        "attributes": {
                            "color": "33cccc",
                            "id": "infra:status/requires changes",
                            "name": "status/requires changes",
                            "repository": "infra",
                            "url": "https://api.github.com/repos/request-yo-racks/infra/labels/status/requires%20changes"
                        },
                        "meta": {},
                        "tainted": false
                    },
                    "deposed": [],
                    "provider": "provider.github"
                },
                "github_issue_label.infra.22": {
                    "type": "github_issue_label",
                    "depends_on": [
                        "github_repository.infra"
                    ],
                    "primary": {
                        "id": "infra:status/review carefully!",
                        "attributes": {
                            "color": "b60205",
                            "id": "infra:status/review carefully!",
                            "name": "status/review carefully!",
                            "repository": "infra",
                            "url": "https://api.github.com/repos/request-yo-racks/infra/labels/status/review%20carefully!"
                        },
                        "meta": {},
                        "tainted": false
                    },
                    "deposed": [],
                    "provider": "provider.github"
                },
                "github_issue_label.infra.23": {
                    "type": "github_issue_label",
                    "depends_on": [
                        "github_repository.infra"
                    ],
                    "primary": {
                        "id": "infra:status/wontfix",
                        "attributes": {
                            "color": "000000",
                            "id": "infra:status/wontfix",
                            "name": "status/wontfix",
                            "repository": "infra",
                            "url": "https://api.github.com/repos/request-yo-racks/infra/labels/status/wontfix"
                        },
                        "meta": {},
                        "tainted": false
                    },
                    "deposed": [],
                    "provider": "provider.github"
                },
                "github_issue_label.infra.3": {
                    "type": "github_issue_label",
                    "depends_on": [
                        "github_repository.infra"
                    ],
                    "primary": {
                        "id": "infra:exp/expert",
                        "attributes": {
                            "color": "CBE4CE",
                            "id": "infra:exp/expert",
                            "name": "exp/expert",
                            "repository": "infra",
                            "url": "https://api.github.com/repos/request-yo-racks/infra/labels/exp/expert"
                        },
                        "meta": {},
                        "tainted": false
                    },
                    "deposed": [],
                    "provider": "provider.github"
                },
                "github_issue_label.infra.4": {
                    "type": "github_issue_label",
                    "depends_on": [
                        "github_repository.infra"
                    ],
                    "primary": {
                        "id": "infra:exp/intermediate",
                        "attributes": {
                            "color": "CBE4CE",
                            "id": "infra:exp/intermediate",
                            "name": "exp/intermediate",
                            "repository": "infra",
                            "url": "https://api.github.com/repos/request-yo-racks/infra/labels/exp/intermediate"
                        },
                        "meta": {},
                        "tainted": false
                    },
                    "deposed": [],
                    "provider": "provider.github"
                },
                "github_issue_label.infra.5": {
                    "type": "github_issue_label",
                    "depends_on": [
                        "github_repository.infra"
                    ],
                    "primary": {
                        "id": "infra:kind/bug",
                        "attributes": {
                            "color": "b60205",
                            "id": "infra:kind/bug",
                            "name": "kind/bug",
                            "repository": "infra",
                            "url": "https://api.github.com/repos/request-yo-racks/infra/labels/kind/bug"
                        },
                        "meta": {},
                        "tainted": false
                    },
                    "deposed": [],
                    "provider": "provider.github"
                },
                "github_issue_label.infra.6": {
                    "type": "github_issue_label",
                    "depends_on": [
                        "github_repository.infra"
                    ],
                    "primary": {
                        "id": "infra:kind/design",
                        "attributes": {
                            "color": "8000ff",
                            "id": "infra:kind/design",
                            "name": "kind/design",
                            "repository": "infra",
                            "url": "https://api.github.com/repos/request-yo-racks/infra/labels/kind/design"
                        },
                        "meta": {},
                        "tainted": false
                    },
                    "deposed": [],
                    "provider": "provider.github"
                },
                "github_issue_label.infra.7": {
                    "type": "github_issue_label",
                    "depends_on": [
                        "github_repository.infra"
                    ],
                    "primary": {
                        "id": "infra:kind/docs",
                        "attributes": {
                            "color": "4000ff",
                            "id": "infra:kind/docs",
                            "name": "kind/docs",
                            "repository": "infra",
                            "url": "https://api.github.com/repos/request-yo-racks/infra/labels/kind/docs"
                        },
                        "meta": {},
                        "tainted": false
                    },
                    "deposed": [],
                    "provider": "provider.github"
                },
                "github_issue_label.infra.8": {
                    "type": "github_issue_label",
                    "depends_on": [
                        "github_repository.infra"
                    ],
                    "primary": {
                        "id": "infra:kind/duplicate",
                        "attributes": {
                            "color": "cccccc",
                            "id": "infra:kind/duplicate",
                            "name": "kind/duplicate",
                            "repository": "infra",
                            "url": "https://api.github.com/repos/request-yo-racks/infra/labels/kind/duplicate"
                        },
                        "meta": {},
                        "tainted": false
                    },
                    "deposed": [],
                    "provider": "provider.github"
                },
                "github_issue_label.infra.9": {
                    "type": "github_issue_label",
                    "depends_on": [
                        "github_repository.infra"
                    ],
                    "primary": {
                        "id": "infra:kind/enhancement",
                        "attributes": {
                            "color": "E7D3BE",
                            "id": "infra:kind/enhancement",
                            "name": "kind/enhancement",
                            "repository": "infra",
                            "url": "https://api.github.com/repos/request-yo-racks/infra/labels/kind/enhancement"
                        },
                        "meta": {},
                        "tainted": false
                    },
                    "deposed": [],
                    "provider": "provider.github"
                },
                "github_issue_label.landing-page.0": {
                    "type": "github_issue_label",
                    "depends_on": [
                        "github_repository.landing-page"
                    ],
                    "primary": {
                        "id": "landing-page:environment/dev",
                        "attributes": {
                            "color": "F7FBFF",
                            "id": "landing-page:environment/dev",
                            "name": "environment/dev",
                            "repository": "landing-page",
                            "url": "https://api.github.com/repos/request-yo-racks/landing-page/labels/environment/dev"
                        },
                        "meta": {},
                        "tainted": false
                    },
                    "deposed": [],
                    "provider": "provider.github"
                },
                "github_issue_label.landing-page.1": {
                    "type": "github_issue_label",
                    "depends_on": [
                        "github_repository.landing-page"
                    ],
                    "primary": {
                        "id": "landing-page:environment/prod",
                        "attributes": {
                            "color": "F7FBFF",
                            "id": "landing-page:environment/prod",
                            "name": "environment/prod",
                            "repository": "landing-page",
                            "url": "https://api.github.com/repos/request-yo-racks/landing-page/labels/environment/prod"
                        },
                        "meta": {},
                        "tainted": false
                    },
                    "deposed": [],
                    "provider": "provider.github"
                },
                "github_issue_label.landing-page.10": {
                    "type": "github_issue_label",
                    "depends_on": [
                        "github_repository.landing-page"
                    ],
                    "primary": {
                        "id": "landing-page:kind/question",
                        "attributes": {
                            "color": "EFF1D5",
                            "id": "landing-page:kind/question",
                            "name": "kind/question",
                            "repository": "landing-page",
                            "url": "https://api.github.com/repos/request-yo-racks/landing-page/labels/kind/question"
                        },
                        "meta": {},
                        "tainted": false
                    },
                    "deposed": [],
                    "provider": "provider.github"
                },
                "github_issue_label.landing-page.11": {
                    "type": "github_issue_label",
                    "depends_on": [
                        "github_repository.landing-page"
                    ],
                    "primary": {
                        "id": "landing-page:size/L",
                        "attributes": {
                            "color": "ff9933",
                            "id": "landing-page:size/L",
                            "name": "size/L",
                            "repository": "landing-page",
                            "url": "https://api.github.com/repos/request-yo-racks/landing-page/labels/size/L"
                        },
                        "meta": {},
                        "tainted": false
                    },
                    "deposed": [],
                    "provider": "provider.github"
                },
                "github_issue_label.landing-page.12": {
                    "type": "github_issue_label",
                    "depends_on": [
                        "github_repository.landing-page"
                    ],
                    "primary": {
                        "id": "landing-page:size/M",
                        "attributes": {
                            "color": "FFFF00",
                            "id": "landing-page:size/M",
                            "name": "size/M",
                            "repository": "landing-page",
                            "url": "https://api.github.com/repos/request-yo-racks/landing-page/labels/size/M"
                        },
                        "meta": {},
                        "tainted": false
                    },
                    "deposed": [],
                    "provider": "provider.github"
                },
                "github_issue_label.landing-page.13": {
                    "type": "github_issue_label",
                    "depends_on": [
                        "github_repository.landing-page"
                    ],
                    "primary": {
                        "id": "landing-page:size/S",
                        "attributes": {
                            "color": "CCFF66",
                            "id": "landing-page:size/S",
                            "name": "size/S",
                            "repository": "landing-page",
                            "url": "https://api.github.com/repos/request-yo-racks/landing-page/labels/size/S"
                        },
                        "meta": {},
                        "tainted": false
                    },
                    "deposed": [],
                    "provider": "provider.github"
                },
                "github_issue_label.landing-page.14": {
                    "type": "github_issue_label",
                    "depends_on": [
                        "github_repository.landing-page"
                    ],
                    "primary": {
                        "id": "landing-page:size/XL",
                        "attributes": {
                            "color": "b60205",
                            "id": "landing-page:size/XL",
                            "name": "size/XL",
                            "repository": "landing-page",
                            "url": "https://api.github.com/repos/request-yo-racks/landing-page/labels/size/XL"
                        },
                        "meta": {},
                        "tainted": false
                    },
                    "deposed": [],
                    "provider": "provider.github"
                },
                "github_issue_label.landing-page.15": {
                    "type": "github_issue_label",
                    "depends_on": [
                        "github_repository.landing-page"
                    ],
                    "primary": {
                        "id": "landing-page:size/XS",
                        "attributes": {
                            "color": "00FF00",
                            "id": "landing-page:size/XS",
                            "name": "size/XS",
                            "repository": "landing-page",
                            "url": "https://api.github.com/repos/request-yo-racks/landing-page/labels/size/XS"
                        },
                        "meta": {},
                        "tainted": false
                    },
                    "deposed": [],
                    "provider": "provider.github"
                },
                "github_issue_label.landing-page.16": {
                    "type": "github_issue_label",
                    "depends_on": [
                        "github_repository.landing-page"
                    ],
                    "primary": {
                        "id": "landing-page:size/XXL",
                        "attributes": {
                            "color": "8B0000",
                            "id": "landing-page:size/XXL",
                            "name": "size/XXL",
                            "repository": "landing-page",
                            "url": "https://api.github.com/repos/request-yo-racks/landing-page/labels/size/XXL"
                        },
                        "meta": {},
                        "tainted": false
                    },
                    "deposed": [],
                    "provider": "provider.github"
                },
                "github_issue_label.landing-page.17": {
                    "type": "github_issue_label",
                    "depends_on": [
                        "github_repository.landing-page"
                    ],
                    "primary": {
                        "id": "landing-page:status/claimed",
                        "attributes": {
                            "color": "fbca04",
                            "id": "landing-page:status/claimed",
                            "name": "status/claimed",
                            "repository": "landing-page",
                            "url": "https://api.github.com/repos/request-yo-racks/landing-page/labels/status/claimed"
                        },
                        "meta": {},
                        "tainted": false
                    },
                    "deposed": [],
                    "provider": "provider.github"
                },
                "github_issue_label.landing-page.18": {
                    "type": "github_issue_label",
                    "depends_on": [
                        "github_repository.landing-page"
                    ],
                    "primary": {
                        "id": "landing-page:status/help wanted",
                        "attributes": {
                            "color": "128A0C",
                            "id": "landing-page:status/help wanted",
                            "name": "status/help wanted",
                            "repository": "landing-page",
                            "url": "https://api.github.com/repos/request-yo-racks/landing-page/labels/status/help%20wanted"
                        },
                        "meta": {},
                        "tainted": false
                    },
                    "deposed": [],
                    "provider": "provider.github"
                },
                "github_issue_label.landing-page.19": {
                    "type": "github_issue_label",
                    "depends_on": [
                        "github_repository.landing-page"
                    ],
                    "primary": {
                        "id": "landing-page:status/invalid",
                        "attributes": {
                            "color": "000000",
                            "id": "landing-page:status/invalid",
                            "name": "status/invalid",
                            "repository": "landing-page",
                            "url": "https://api.github.com/repos/request-yo-racks/landing-page/labels/status/invalid"
                        },
                        "meta": {},
                        "tainted": false
                    },
                    "deposed": [],
                    "provider": "provider.github"
                },
                "github_issue_label.landing-page.2": {
                    "type": "github_issue_label",
                    "depends_on": [
                        "github_repository.landing-page"
                    ],
                    "primary": {
                        "id": "landing-page:exp/beginner",
                        "attributes": {
                            "color": "CBE4CE",
                            "id": "landing-page:exp/beginner",
                            "name": "exp/beginner",
                            "repository": "landing-page",
                            "url": "https://api.github.com/repos/request-yo-racks/landing-page/labels/exp/beginner"
                        },
                        "meta": {},
                        "tainted": false
                    },
                    "deposed": [],
                    "provider": "provider.github"
                },
                "github_issue_label.landing-page.20": {
                    "type": "github_issue_label",
                    "depends_on": [
                        "github_repository.landing-page"
                    ],
                    "primary": {
                        "id": "landing-page:status/more-info-needed",
                        "attributes": {
                            "color": "6A9798",
                            "id": "landing-page:status/more-info-needed",
                            "name": "status/more-info-needed",
                            "repository": "landing-page",
                            "url": "https://api.github.com/repos/request-yo-racks/landing-page/labels/status/more-info-needed"
                        },
                        "meta": {},
                        "tainted": false
                    },
                    "deposed": [],
                    "provider": "provider.github"
                },
                "github_issue_label.landing-page.21": {
                    "type": "github_issue_label",
                    "depends_on": [
                        "github_repository.landing-page"
                    ],
                    "primary": {
                        "id": "landing-page:status/requires changes",
                        "attributes": {
                            "color": "33cccc",
                            "id": "landing-page:status/requires changes",
                            "name": "status/requires changes",
                            "repository": "landing-page",
                            "url": "https://api.github.com/repos/request-yo-racks/landing-page/labels/status/requires%20changes"
                        },
                        "meta": {},
                        "tainted": false
                    },
                    "deposed": [],
                    "provider": "provider.github"
                },
                "github_issue_label.landing-page.22": {
                    "type": "github_issue_label",
                    "depends_on": [
                        "github_repository.landing-page"
                    ],
                    "primary": {
                        "id": "landing-page:status/review carefully!",
                        "attributes": {
                            "color": "b60205",
                            "id": "landing-page:status/review carefully!",
                            "name": "status/review carefully!",
                            "repository": "landing-page",
                            "url": "https://api.github.com/repos/request-yo-racks/landing-page/labels/status/review%20carefully!"
                        },
                        "meta": {},
                        "tainted": false
                    },
                    "deposed": [],
                    "provider": "provider.github"
                },
                "github_issue_label.landing-page.23": {
                    "type": "github_issue_label",
                    "depends_on": [
                        "github_repository.landing-page"
                    ],
                    "primary": {
                        "id": "landing-page:status/wontfix",
                        "attributes": {
                            "color": "000000",
                            "id": "landing-page:status/wontfix",
                            "name": "status/wontfix",
                            "repository": "landing-page",
                            "url": "https://api.github.com/repos/request-yo-racks/landing-page/labels/status/wontfix"
                        },
                        "meta": {},
                        "tainted": false
                    },
                    "deposed": [],
                    "provider": "provider.github"
                },
                "github_issue_label.landing-page.3": {
                    "type": "github_issue_label",
                    "depends_on": [
                        "github_repository.landing-page"
                    ],
                    "primary": {
                        "id": "landing-page:exp/expert",
                        "attributes": {
                            "color": "CBE4CE",
                            "id": "landing-page:exp/expert",
                            "name": "exp/expert",
                            "repository": "landing-page",
                            "url": "https://api.github.com/repos/request-yo-racks/landing-page/labels/exp/expert"
                        },
                        "meta": {},
                        "tainted": false
                    },
                    "deposed": [],
                    "provider": "provider.github"
                },
                "github_issue_label.landing-page.4": {
                    "type": "github_issue_label",
                    "depends_on": [
                        "github_repository.landing-page"
                    ],
                    "primary": {
                        "id": "landing-page:exp/intermediate",
                        "attributes": {
                            "color": "CBE4CE",
                            "id": "landing-page:exp/intermediate",
                            "name": "exp/intermediate",
                            "repository": "landing-page",
                            "url": "https://api.github.com/repos/request-yo-racks/landing-page/labels/exp/intermediate"
                        },
                        "meta": {},
                        "tainted": false
                    },
                    "deposed": [],
                    "provider": "provider.github"
                },
                "github_issue_label.landing-page.5": {
                    "type": "github_issue_label",
                    "depends_on": [
                        "github_repository.landing-page"
                    ],
                    "primary": {
                        "id": "landing-page:kind/bug",
                        "attributes": {
                            "color": "b60205",
                            "id": "landing-page:kind/bug",
                            "name": "kind/bug",
                            "repository": "landing-page",
                            "url": "https://api.github.com/repos/request-yo-racks/landing-page/labels/kind/bug"
                        },
                        "meta": {},
                        "tainted": false
                    },
                    "deposed": [],
                    "provider": "provider.github"
                },
                "github_issue_label.landing-page.6": {
                    "type": "github_issue_label",
                    "depends_on": [
                        "github_repository.landing-page"
                    ],
                    "primary": {
                        "id": "landing-page:kind/design",
                        "attributes": {
                            "color": "8000ff",
                            "id": "landing-page:kind/design",
                            "name": "kind/design",
                            "repository": "landing-page",
                            "url": "https://api.github.com/repos/request-yo-racks/landing-page/labels/kind/design"
                        },
                        "meta": {},
                        "tainted": false
                    },
                    "deposed": [],
                    "provider": "provider.github"
                },
                "github_issue_label.landing-page.7": {
                    "type": "github_issue_label",
                    "depends_on": [
                        "github_repository.landing-page"
                    ],
                    "primary": {
                        "id": "landing-page:kind/docs",
                        "attributes": {
                            "color": "4000ff",
                            "id": "landing-page:kind/docs",
                            "name": "kind/docs",
                            "repository": "landing-page",
                            "url": "https://api.github.com/repos/request-yo-racks/landing-page/labels/kind/docs"
                        },
                        "meta": {},
                        "tainted": false
                    },
                    "deposed": [],
                    "provider": "provider.github"
                },
                "github_issue_label.landing-page.8": {
                    "type": "github_issue_label",
                    "depends_on": [
                        "github_repository.landing-page"
                    ],
                    "primary": {
                        "id": "landing-page:kind/duplicate",
                        "attributes": {
                            "color": "cccccc",
                            "id": "landing-page:kind/duplicate",
                            "name": "kind/duplicate",
                            "repository": "landing-page",
                            "url": "https://api.github.com/repos/request-yo-racks/landing-page/labels/kind/duplicate"
                        },
                        "meta": {},
                        "tainted": false
                    },
                    "deposed": [],
                    "provider": "provider.github"
                },
                "github_issue_label.landing-page.9": {
                    "type": "github_issue_label",
                    "depends_on": [
                        "github_repository.landing-page"
                    ],
                    "primary": {
                        "id": "landing-page:kind/enhancement",
                        "attributes": {
                            "color": "E7D3BE",
                            "id": "landing-page:kind/enhancement",
                            "name": "kind/enhancement",
                            "repository": "landing-page",
                            "url": "https://api.github.com/repos/request-yo-racks/landing-page/labels/kind/enhancement"
                        },
                        "meta": {},
                        "tainted": false
                    },
                    "deposed": [],
                    "provider": "provider.github"
                },
                "github_issue_label.web.0": {
                    "type": "github_issue_label",
                    "depends_on": [
                        "github_repository.web"
                    ],
                    "primary": {
                        "id": "web:environment/dev",
                        "attributes": {
                            "color": "F7FBFF",
                            "id": "web:environment/dev",
                            "name": "environment/dev",
                            "repository": "web",
                            "url": "https://api.github.com/repos/request-yo-racks/web/labels/environment/dev"
                        },
                        "meta": {},
                        "tainted": false
                    },
                    "deposed": [],
                    "provider": "provider.github"
                },
                "github_issue_label.web.1": {
                    "type": "github_issue_label",
                    "depends_on": [
                        "github_repository.web"
                    ],
                    "primary": {
                        "id": "web:environment/prod",
                        "attributes": {
                            "color": "F7FBFF",
                            "id": "web:environment/prod",
                            "name": "environment/prod",
                            "repository": "web",
                            "url": "https://api.github.com/repos/request-yo-racks/web/labels/environment/prod"
                        },
                        "meta": {},
                        "tainted": false
                    },
                    "deposed": [],
                    "provider": "provider.github"
                },
                "github_issue_label.web.10": {
                    "type": "github_issue_label",
                    "depends_on": [
                        "github_repository.web"
                    ],
                    "primary": {
                        "id": "web:kind/question",
                        "attributes": {
                            "color": "EFF1D5",
                            "id": "web:kind/question",
                            "name": "kind/question",
                            "repository": "web",
                            "url": "https://api.github.com/repos/request-yo-racks/web/labels/kind/question"
                        },
                        "meta": {},
                        "tainted": false
                    },
                    "deposed": [],
                    "provider": "provider.github"
                },
                "github_issue_label.web.11": {
                    "type": "github_issue_label",
                    "depends_on": [
                        "github_repository.web"
                    ],
                    "primary": {
                        "id": "web:size/L",
                        "attributes": {
                            "color": "ff9933",
                            "id": "web:size/L",
                            "name": "size/L",
                            "repository": "web",
                            "url": "https://api.github.com/repos/request-yo-racks/web/labels/size/L"
                        },
                        "meta": {},
                        "tainted": false
                    },
                    "deposed": [],
                    "provider": "provider.github"
                },
                "github_issue_label.web.12": {
                    "type": "github_issue_label",
                    "depends_on": [
                        "github_repository.web"
                    ],
                    "primary": {
                        "id": "web:size/M",
                        "attributes": {
                            "color": "FFFF00",
                            "id": "web:size/M",
                            "name": "size/M",
                            "repository": "web",
                            "url": "https://api.github.com/repos/request-yo-racks/web/labels/size/M"
                        },
                        "meta": {},
                        "tainted": false
                    },
                    "deposed": [],
                    "provider": "provider.github"
                },
                "github_issue_label.web.13": {
                    "type": "github_issue_label",
                    "depends_on": [
                        "github_repository.web"
                    ],
                    "primary": {
                        "id": "web:size/S",
                        "attributes": {
                            "color": "CCFF66",
                            "id": "web:size/S",
                            "name": "size/S",
                            "repository": "web",
                            "url": "https://api.github.com/repos/request-yo-racks/web/labels/size/S"
                        },
                        "meta": {},
                        "tainted": false
                    },
                    "deposed": [],
                    "provider": "provider.github"
                },
                "github_issue_label.web.14": {
                    "type": "github_issue_label",
                    "depends_on": [
                        "github_repository.web"
                    ],
                    "primary": {
                        "id": "web:size/XL",
                        "attributes": {
                            "color": "b60205",
                            "id": "web:size/XL",
                            "name": "size/XL",
                            "repository": "web",
                            "url": "https://api.github.com/repos/request-yo-racks/web/labels/size/XL"
                        },
                        "meta": {},
                        "tainted": false
                    },
                    "deposed": [],
                    "provider": "provider.github"
                },
                "github_issue_label.web.15": {
                    "type": "github_issue_label",
                    "depends_on": [
                        "github_repository.web"
                    ],
                    "primary": {
                        "id": "web:size/XS",
                        "attributes": {
                            "color": "00FF00",
                            "id": "web:size/XS",
                            "name": "size/XS",
                            "repository": "web",
                            "url": "https://api.github.com/repos/request-yo-racks/web/labels/size/XS"
                        },
                        "meta": {},
                        "tainted": false
                    },
                    "deposed": [],
                    "provider": "provider.github"
                },
                "github_issue_label.web.16": {
                    "type": "github_issue_label",
                    "depends_on": [
                        "github_repository.web"
                    ],
                    "primary": {
                        "id": "web:size/XXL",
                        "attributes": {
                            "color": "8B0000",
                            "id": "web:size/XXL",
                            "name": "size/XXL",
                            "repository": "web",
                            "url": "https://api.github.com/repos/request-yo-racks/web/labels/size/XXL"
                        },
                        "meta": {},
                        "tainted": false
                    },
                    "deposed": [],
                    "provider": "provider.github"
                },
                "github_issue_label.web.17": {
                    "type": "github_issue_label",
                    "depends_on": [
                        "github_repository.web"
                    ],
                    "primary": {
                        "id": "web:status/claimed",
                        "attributes": {
                            "color": "fbca04",
                            "id": "web:status/claimed",
                            "name": "status/claimed",
                            "repository": "web",
                            "url": "https://api.github.com/repos/request-yo-racks/web/labels/status/claimed"
                        },
                        "meta": {},
                        "tainted": false
                    },
                    "deposed": [],
                    "provider": "provider.github"
                },
                "github_issue_label.web.18": {
                    "type": "github_issue_label",
                    "depends_on": [
                        "github_repository.web"
                    ],
                    "primary": {
                        "id": "web:status/help wanted",
                        "attributes": {
                            "color": "128A0C",
                            "id": "web:status/help wanted",
                            "name": "status/help wanted",
                            "repository": "web",
                            "url": "https://api.github.com/repos/request-yo-racks/web/labels/status/help%20wanted"
                        },
                        "meta": {},
                        "tainted": false
                    },
                    "deposed": [],
                    "provider": "provider.github"
                },
                "github_issue_label.web.19": {
                    "type": "github_issue_label",
                    "depends_on": [
                        "github_repository.web"
                    ],
                    "primary": {
                        "id": "web:status/invalid",
                        "attributes": {
                            "color": "000000",
                            "id": "web:status/invalid",
                            "name": "status/invalid",
                            "repository": "web",
                            "url": "https://api.github.com/repos/request-yo-racks/web/labels/status/invalid"
                        },
                        "meta": {},
                        "tainted": false
                    },
                    "deposed": [],
                    "provider": "provider.github"
                },
                "github_issue_label.web.2": {
                    "type": "github_issue_label",
                    "depends_on": [
                        "github_repository.web"
                    ],
                    "primary": {
                        "id": "web:exp/beginner",
                        "attributes": {
                            "color": "CBE4CE",
                            "id": "web:exp/beginner",
                            "name": "exp/beginner",
                            "repository": "web",
                            "url": "https://api.github.com/repos/request-yo-racks/web/labels/exp/beginner"
                        },
                        "meta": {},
                        "tainted": false
                    },
                    "deposed": [],
                    "provider": "provider.github"
                },
                "github_issue_label.web.20": {
                    "type": "github_issue_label",
                    "depends_on": [
                        "github_repository.web"
                    ],
                    "primary": {
                        "id": "web:status/more-info-needed",
                        "attributes": {
                            "color": "6A9798",
                            "id": "web:status/more-info-needed",
                            "name": "status/more-info-needed",
                            "repository": "web",
                            "url": "https://api.github.com/repos/request-yo-racks/web/labels/status/more-info-needed"
                        },
                        "meta": {},
                        "tainted": false
                    },
                    "deposed": [],
                    "provider": "provider.github"
                },
                "github_issue_label.web.21": {
                    "type": "github_issue_label",
                    "depends_on": [
                        "github_repository.web"
                    ],
                    "primary": {
                        "id": "web:status/requires changes",
                        "attributes": {
                            "color": "33cccc",
                            "id": "web:status/requires changes",
                            "name": "status/requires changes",
                            "repository": "web",
                            "url": "https://api.github.com/repos/request-yo-racks/web/labels/status/requires%20changes"
                        },
                        "meta": {},
                        "tainted": false
                    },
                    "deposed": [],
                    "provider": "provider.github"
                },
                "github_issue_label.web.22": {
                    "type": "github_issue_label",
                    "depends_on": [
                        "github_repository.web"
                    ],
                    "primary": {
                        "id": "web:status/review carefully!",
                        "attributes": {
                            "color": "b60205",
                            "id": "web:status/review carefully!",
                            "name": "status/review carefully!",
                            "repository": "web",
                            "url": "https://api.github.com/repos/request-yo-racks/web/labels/status/review%20carefully!"
                        },
                        "meta": {},
                        "tainted": false
                    },
                    "deposed": [],
                    "provider": "provider.github"
                },
                "github_issue_label.web.23": {
                    "type": "github_issue_label",
                    "depends_on": [
                        "github_repository.web"
                    ],
                    "primary": {
                        "id": "web:status/wontfix",
                        "attributes": {
                            "color": "000000",
                            "id": "web:status/wontfix",
                            "name": "status/wontfix",
                            "repository": "web",
                            "url": "https://api.github.com/repos/request-yo-racks/web/labels/status/wontfix"
                        },
                        "meta": {},
                        "tainted": false
                    },
                    "deposed": [],
                    "provider": "provider.github"
                },
                "github_issue_label.web.3": {
                    "type": "github_issue_label",
                    "depends_on": [
                        "github_repository.web"
                    ],
                    "primary": {
                        "id": "web:exp/expert",
                        "attributes": {
                            "color": "CBE4CE",
                            "id": "web:exp/expert",
                            "name": "exp/expert",
                            "repository": "web",
                            "url": "https://api.github.com/repos/request-yo-racks/web/labels/exp/expert"
                        },
                        "meta": {},
                        "tainted": false
                    },
                    "deposed": [],
                    "provider": "provider.github"
                },
                "github_issue_label.web.4": {
                    "type": "github_issue_label",
                    "depends_on": [
                        "github_repository.web"
                    ],
                    "primary": {
                        "id": "web:exp/intermediate",
                        "attributes": {
                            "color": "CBE4CE",
                            "id": "web:exp/intermediate",
                            "name": "exp/intermediate",
                            "repository": "web",
                            "url": "https://api.github.com/repos/request-yo-racks/web/labels/exp/intermediate"
                        },
                        "meta": {},
                        "tainted": false
                    },
                    "deposed": [],
                    "provider": "provider.github"
                },
                "github_issue_label.web.5": {
                    "type": "github_issue_label",
                    "depends_on": [
                        "github_repository.web"
                    ],
                    "primary": {
                        "id": "web:kind/bug",
                        "attributes": {
                            "color": "b60205",
                            "id": "web:kind/bug",
                            "name": "kind/bug",
                            "repository": "web",
                            "url": "https://api.github.com/repos/request-yo-racks/web/labels/kind/bug"
                        },
                        "meta": {},
                        "tainted": false
                    },
                    "deposed": [],
                    "provider": "provider.github"
                },
                "github_issue_label.web.6": {
                    "type": "github_issue_label",
                    "depends_on": [
                        "github_repository.web"
                    ],
                    "primary": {
                        "id": "web:kind/design",
                        "attributes": {
                            "color": "8000ff",
                            "id": "web:kind/design",
                            "name": "kind/design",
                            "repository": "web",
                            "url": "https://api.github.com/repos/request-yo-racks/web/labels/kind/design"
                        },
                        "meta": {},
                        "tainted": false
                    },
                    "deposed": [],
                    "provider": "provider.github"
                },
                "github_issue_label.web.7": {
                    "type": "github_issue_label",
                    "depends_on": [
                        "github_repository.web"
                    ],
                    "primary": {
                        "id": "web:kind/docs",
                        "attributes": {
                            "color": "4000ff",
                            "id": "web:kind/docs",
                            "name": "kind/docs",
                            "repository": "web",
                            "url": "https://api.github.com/repos/request-yo-racks/web/labels/kind/docs"
                        },
                        "meta": {},
                        "tainted": false
                    },
                    "deposed": [],
                    "provider": "provider.github"
                },
                "github_issue_label.web.8": {
                    "type": "github_issue_label",
                    "depends_on": [
                        "github_repository.web"
                    ],
                    "primary": {
                        "id": "web:kind/duplicate",
                        "attributes": {
                            "color": "cccccc",
                            "id": "web:kind/duplicate",
                            "name": "kind/duplicate",
                            "repository": "web",
                            "url": "https://api.github.com/repos/request-yo-racks/web/labels/kind/duplicate"
                        },
                        "meta": {},
                        "tainted": false
                    },
                    "deposed": [],
                    "provider": "provider.github"
                },
                "github_issue_label.web.9": {
                    "type": "github_issue_label",
                    "depends_on": [
                        "github_repository.web"
                    ],
                    "primary": {
                        "id": "web:kind/enhancement",
                        "attributes": {
                            "color": "E7D3BE",
                            "id": "web:kind/enhancement",
                            "name": "kind/enhancement",
                            "repository": "web",
                            "url": "https://api.github.com/repos/request-yo-racks/web/labels/kind/enhancement"
                        },
                        "meta": {},
                        "tainted": false
                    },
                    "deposed": [],
                    "provider": "provider.github"
                },
                "github_membership.2echoi": {
                    "type": "github_membership",
                    "depends_on": [],
                    "primary": {
                        "id": "request-yo-racks:2echoi",
                        "attributes": {
                            "id": "request-yo-racks:2echoi",
                            "role": "member",
                            "username": "2echoi"
                        },
                        "meta": {},
                        "tainted": false
                    },
                    "deposed": [],
                    "provider": "provider.github"
                },
                "github_membership.Toughee": {
                    "type": "github_membership",
                    "depends_on": [],
                    "primary": {
                        "id": "request-yo-racks:Toughee",
                        "attributes": {
                            "id": "request-yo-racks:Toughee",
                            "role": "member",
                            "username": "Toughee"
                        },
                        "meta": {},
                        "tainted": false
                    },
                    "deposed": [],
                    "provider": "provider.github"
                },
                "github_membership.chanduvkp": {
                    "type": "github_membership",
                    "depends_on": [],
                    "primary": {
                        "id": "request-yo-racks:chanduvkp",
                        "attributes": {
                            "id": "request-yo-racks:chanduvkp",
                            "role": "member",
                            "username": "chanduvkp"
                        },
                        "meta": {},
                        "tainted": false
                    },
                    "deposed": [],
                    "provider": "provider.github"
                },
                "github_membership.rgreinho": {
                    "type": "github_membership",
                    "depends_on": [],
                    "primary": {
                        "id": "request-yo-racks:rgreinho",
                        "attributes": {
                            "id": "request-yo-racks:rgreinho",
                            "role": "admin",
                            "username": "rgreinho"
                        },
                        "meta": {},
                        "tainted": false
                    },
                    "deposed": [],
                    "provider": "provider.github"
                },
                "github_repository.api": {
                    "type": "github_repository",
                    "depends_on": [],
                    "primary": {
                        "id": "api",
                        "attributes": {
                            "allow_merge_commit": "false",
                            "allow_rebase_merge": "true",
                            "allow_squash_merge": "true",
                            "archived": "false",
                            "default_branch": "master",
                            "description": "A REST API for the Request-Yo-Racks projects.",
                            "full_name": "request-yo-racks/api",
                            "git_clone_url": "git://github.com/request-yo-racks/api.git",
                            "has_downloads": "true",
                            "has_issues": "true",
                            "has_wiki": "true",
                            "homepage_url": "https://api.requestyoracks.org",
                            "html_url": "https://github.com/request-yo-racks/api",
                            "http_clone_url": "https://github.com/request-yo-racks/api.git",
                            "id": "api",
                            "name": "api",
                            "private": "false",
                            "ssh_clone_url": "git@github.com:request-yo-racks/api.git",
                            "svn_url": "https://github.com/request-yo-racks/api"
                        },
                        "meta": {},
                        "tainted": false
                    },
                    "deposed": [],
                    "provider": "provider.github"
                },
                "github_repository.charts": {
                    "type": "github_repository",
                    "depends_on": [],
                    "primary": {
                        "id": "charts",
                        "attributes": {
                            "allow_merge_commit": "false",
                            "allow_rebase_merge": "true",
                            "allow_squash_merge": "true",
                            "archived": "false",
                            "default_branch": "master",
                            "description": "Helm charts for the Request-Yo-Racks project",
                            "full_name": "request-yo-racks/charts",
                            "git_clone_url": "git://github.com/request-yo-racks/charts.git",
                            "has_downloads": "true",
                            "has_issues": "true",
                            "has_wiki": "true",
                            "homepage_url": "https://charts.requestyoracks.org",
                            "html_url": "https://github.com/request-yo-racks/charts",
                            "http_clone_url": "https://github.com/request-yo-racks/charts.git",
                            "id": "charts",
                            "name": "charts",
                            "private": "false",
                            "ssh_clone_url": "git@github.com:request-yo-racks/charts.git",
                            "svn_url": "https://github.com/request-yo-racks/charts"
                        },
                        "meta": {},
                        "tainted": false
                    },
                    "deposed": [],
                    "provider": "provider.github"
                },
                "github_repository.docker-celery-flower": {
                    "type": "github_repository",
                    "depends_on": [],
                    "primary": {
                        "id": "docker-celery-flower",
                        "attributes": {
                            "allow_merge_commit": "false",
                            "allow_rebase_merge": "true",
                            "allow_squash_merge": "true",
                            "archived": "false",
                            "default_branch": "master",
                            "description": "RYR Docker image for Flower (A Real-time Celery web-monitor)",
                            "full_name": "request-yo-racks/docker-celery-flower",
                            "git_clone_url": "git://github.com/request-yo-racks/docker-celery-flower.git",
                            "has_downloads": "true",
                            "has_issues": "true",
                            "has_wiki": "true",
                            "homepage_url": "https://flower.readthedocs.io/en/latest/index.html",
                            "html_url": "https://github.com/request-yo-racks/docker-celery-flower",
                            "http_clone_url": "https://github.com/request-yo-racks/docker-celery-flower.git",
                            "id": "docker-celery-flower",
                            "name": "docker-celery-flower",
                            "private": "false",
                            "ssh_clone_url": "git@github.com:request-yo-racks/docker-celery-flower.git",
                            "svn_url": "https://github.com/request-yo-racks/docker-celery-flower"
                        },
                        "meta": {},
                        "tainted": false
                    },
                    "deposed": [],
                    "provider": "provider.github"
                },
                "github_repository.docs": {
                    "type": "github_repository",
                    "depends_on": [],
                    "primary": {
                        "id": "docs",
                        "attributes": {
                            "allow_merge_commit": "false",
                            "allow_rebase_merge": "true",
                            "allow_squash_merge": "true",
                            "archived": "false",
                            "default_branch": "master",
                            "description": "The Request-Yo-Racks project documentation",
                            "full_name": "request-yo-racks/docs",
                            "git_clone_url": "git://github.com/request-yo-racks/docs.git",
                            "has_downloads": "true",
                            "has_issues": "true",
                            "has_wiki": "true",
                            "homepage_url": "https://docs.requestyoracks.org/",
                            "html_url": "https://github.com/request-yo-racks/docs",
                            "http_clone_url": "https://github.com/request-yo-racks/docs.git",
                            "id": "docs",
                            "name": "docs",
                            "private": "false",
                            "ssh_clone_url": "git@github.com:request-yo-racks/docs.git",
                            "svn_url": "https://github.com/request-yo-racks/docs"
                        },
                        "meta": {},
                        "tainted": false
                    },
                    "deposed": [],
                    "provider": "provider.github"
                },
                "github_repository.infra": {
                    "type": "github_repository",
                    "depends_on": [],
                    "primary": {
                        "id": "infra",
                        "attributes": {
                            "allow_merge_commit": "false",
                            "allow_rebase_merge": "true",
                            "allow_squash_merge": "true",
                            "archived": "false",
                            "default_branch": "master",
                            "description": "Request-yo-racks infrastructure management.",
                            "full_name": "request-yo-racks/infra",
                            "git_clone_url": "git://github.com/request-yo-racks/infra.git",
                            "has_downloads": "true",
                            "has_issues": "true",
                            "has_wiki": "true",
                            "homepage_url": "",
                            "html_url": "https://github.com/request-yo-racks/infra",
                            "http_clone_url": "https://github.com/request-yo-racks/infra.git",
                            "id": "infra",
                            "name": "infra",
                            "private": "false",
                            "ssh_clone_url": "git@github.com:request-yo-racks/infra.git",
                            "svn_url": "https://github.com/request-yo-racks/infra"
                        },
                        "meta": {},
                        "tainted": false
                    },
                    "deposed": [],
                    "provider": "provider.github"
                },
                "github_repository.landing-page": {
                    "type": "github_repository",
                    "depends_on": [],
                    "primary": {
                        "id": "landing-page",
                        "attributes": {
                            "allow_merge_commit": "false",
                            "allow_rebase_merge": "true",
                            "allow_squash_merge": "true",
                            "archived": "false",
                            "default_branch": "master",
                            "description": "RYR landing page",
                            "full_name": "request-yo-racks/landing-page",
                            "git_clone_url": "git://github.com/request-yo-racks/landing-page.git",
                            "has_downloads": "true",
                            "has_issues": "true",
                            "has_wiki": "true",
                            "homepage_url": "",
                            "html_url": "https://github.com/request-yo-racks/landing-page",
                            "http_clone_url": "https://github.com/request-yo-racks/landing-page.git",
                            "id": "landing-page",
                            "name": "landing-page",
                            "private": "false",
                            "ssh_clone_url": "git@github.com:request-yo-racks/landing-page.git",
                            "svn_url": "https://github.com/request-yo-racks/landing-page"
                        },
                        "meta": {},
                        "tainted": false
                    },
                    "deposed": [],
                    "provider": "provider.github"
                },
                "github_repository.web": {
                    "type": "github_repository",
                    "depends_on": [],
                    "primary": {
                        "id": "web",
                        "attributes": {
                            "allow_merge_commit": "false",
                            "allow_rebase_merge": "true",
                            "allow_squash_merge": "true",
                            "archived": "false",
                            "default_branch": "master",
                            "description": "Simplify the bike rack request process for the city of Austin",
                            "full_name": "request-yo-racks/web",
                            "git_clone_url": "git://github.com/request-yo-racks/web.git",
                            "has_downloads": "true",
                            "has_issues": "true",
                            "has_wiki": "true",
                            "homepage_url": "https://www.requestyoracks.org/",
                            "html_url": "https://github.com/request-yo-racks/web",
                            "http_clone_url": "https://github.com/request-yo-racks/web.git",
                            "id": "web",
                            "name": "web",
                            "private": "false",
                            "ssh_clone_url": "git@github.com:request-yo-racks/web.git",
                            "svn_url": "https://github.com/request-yo-racks/web"
                        },
                        "meta": {},
                        "tainted": false
                    },
                    "deposed": [],
                    "provider": "provider.github"
                },
                "github_repository_deploy_key.api_circleci": {
                    "type": "github_repository_deploy_key",
                    "depends_on": [],
                    "primary": {
                        "id": "api:24313292",
                        "attributes": {
                            "id": "api:24313292",
                            "key": "ssh-rsa AAAAB3NzaC1yc2EAAAADAQABAAABAQDsAoGOX44A5UYuj2VIFLOWv8BmQ6BTHE3dOOUcETrcysNcpq2Z+otRCPbJMRVPSnjAJizBnFqqzgUiIVJx4W4IxKvgni/w33UG08NML0fznkdXPKPnwQy0ldAvrmun6hif9TkY9nMfN3dsmZnyCSPNTQpDWoG8uZYxHUq26CxTq6brjAZbWAwPdw/XneC62NhhDUvxJQZCAYz3kSt28A1rwUsZmvBIoerl/OG3WEwzg3oXWfII/YfvcdcKSQyHdCytLP7IvWaGovEOtNsWB+5vIJyz8ADSxSLDxpdw7AvWhgxSsI4ocHdM8lTywnoW9EXlvUbBtH3VJw8I9cW8UkEH",
                            "read_only": "true",
                            "repository": "api",
                            "title": "CircleCI"
                        },
                        "meta": {},
                        "tainted": false
                    },
                    "deposed": [],
                    "provider": "provider.github"
                },
                "github_repository_deploy_key.charts_circleci": {
                    "type": "github_repository_deploy_key",
                    "depends_on": [],
                    "primary": {
                        "id": "charts:26855563",
                        "attributes": {
                            "id": "charts:26855563",
                            "key": "ssh-rsa AAAAB3NzaC1yc2EAAAADAQABAAABAQCiQ374qom02GlLc32MvmAJrQofXxRuH+o5F9xs4wlyZSD0Vfnq9Y2oFue07z3mZE/1awOg4shJXoZ6UFiUsRQ54944+sSIMcZXlqEf6le/rEWswq/dGPmCv1U3zEXlq/3g64HT4r162vtaC4A9rptvNKh325ovgCj6N4M7upQd+Kgf8ZWSVl1TYheWMbe6/34CykDdVWLiWjOCOK16mQrhY420ugjbBkGpa4jJHZxY1u5oPF4f3xsbuDM+cf254fB9HnKovNBGyTSqKRVmUseXRQ8ymMwPzj33niBQ1loaQYoJ+/BMJO7bUjk1Uzi5X/lDJf6O8SxR9uDS7hMTo7rp",
                            "read_only": "true",
                            "repository": "charts",
                            "title": "CircleCI"
                        },
                        "meta": {},
                        "tainted": false
                    },
                    "deposed": [],
                    "provider": "provider.github"
                },
                "github_repository_deploy_key.charts_ryr-deploy-key": {
                    "type": "github_repository_deploy_key",
                    "depends_on": [],
                    "primary": {
                        "id": "charts:28291540",
                        "attributes": {
                            "id": "charts:28291540",
                            "key": "ssh-rsa AAAAB3NzaC1yc2EAAAADAQABAAACAQDKV4CljZlZyXXXdcGRdJ4XMotGVsTjeDvbcIy8TdIl70Z1VUSdkQynG74FxWh43ptz+OT5nFN/OGsmSuURW68SRdGTW+X+t9sdWgvf69CgNzJZvPIhg1KgnZKSL3ht4SqmnNprdrf0eRcD8ahUjwz9XUyGOQHjPqclUSlItD6NJlwS7EXO2gATjhs/Y6SjFJcOTGJs0Q/zGqAj8b6UGReYs9S3ndAcwORl+8c9PPIHbYJBWiZYmkfNRcQqAJbNg41mCVxZ+a1EAqI/RNwzplN58bT7maBLCkE2qgxvfF14zotlVmRtP9Ri3+XFOGLDPt3FWkHgNwChaHg03BI8sMnyfZ6eTlQ1j7pyVwszfkqz8cwMXR/4IpObb6uYorlzi22Q1aX+OwVlH9sjoCoJXQA/FY7U3+JsHTR9epRsdFolPQXhsBK2QMikkzTIDI4aPqYC6CF3H/yddxB7AqECM0lxfjTbKl4W6DvVdXx6+rKHtEftyfXsUcRLfz4XiVT6JDepNehmizPwUUYq3sSBjJQ/gfMNMEkIm0bC+oF0TnyovWBIZtOkZuAxZ0hb/CnGYKjqg7SGRfxlkrOuJSugqxYKS+8D+F3aXuWA2cHI/rPfE3zNC2V2CBDUjTyDFaWs4y198s6pBXvY1jN0VApJmo63kAVsixCayr4CxNb6cIxIxQ==",
                            "read_only": "false",
                            "repository": "charts",
                            "title": "RYR Deploy key"
                        },
                        "meta": {},
                        "tainted": false
                    },
                    "deposed": [],
                    "provider": "provider.github"
                },
                "github_repository_deploy_key.docs_circleci": {
                    "type": "github_repository_deploy_key",
                    "depends_on": [],
                    "primary": {
                        "id": "docs:25939510",
                        "attributes": {
                            "id": "docs:25939510",
                            "key": "ssh-rsa AAAAB3NzaC1yc2EAAAADAQABAAABAQCQOrXr5VAesAdYHe5ty1kxCge+s+JudqYu9koVfnADysG4CqKHf0py2V7elb28Swq6fVDACnA2ID7Dd75msdNuxlCloAFbXMtiq8I9o0AqZZqqWHtE/4Z7Zzo2C4eRdj93VROHaneJpl+6Cj/r36RmTTV1tgQAvcj4kbry4/Gj48AAWSGFVUq/EAzebiGYNrfy+MVGt09ddHA2l9yIUVyQtk4Tj3Pe02EqDu+TuI+TmJzLRqUMcJcjMrMHnlXdC5PoNHz2s5w++rkj7sFIAaO5LPOiGUSvb5iOG3MXn0Py6/FCJkV0FpTR2N8uPps/nhrDXLvRapM0xee+Qy8BsOIL",
                            "read_only": "true",
                            "repository": "docs",
                            "title": "CircleCI"
                        },
                        "meta": {},
                        "tainted": false
                    },
                    "deposed": [],
                    "provider": "provider.github"
                },
                "github_repository_deploy_key.docs_ryr-deploy-key": {
                    "type": "github_repository_deploy_key",
                    "depends_on": [],
                    "primary": {
                        "id": "docs:25948270",
                        "attributes": {
                            "id": "docs:25948270",
                            "key": "ssh-rsa AAAAB3NzaC1yc2EAAAADAQABAAACAQDcGxRR7sLF0+6FhD1x65BC8ZWi96nEOicQdG03Gi0Z9JsgERb6SBAXcayVjANv2z0AGi5UAIbFdjlUI0STHjLO5rDWxT3hmdEtcumQ3RZPnJ5x3Fp/UKz2BRp3IcnENMrBNubPo/dIzc3s+hWxcCHUeQLJOxZV65q/WGnXoA4kssSuQGAEZCUG9rYc/aQkUZk7DxzQTTvxbxDz3LkKWSn2UYTDPsVta4sUZZ1I5QTUu/dU+hLBQEubz/8z9qe5URRxEqAht+ftppA2CnHn3fPofMPaVKrriPDTxX6JlZ6njej0z3ryAWHwRVBoqARGbbpA3XBxxnPN6j4s1sgDJSd64Mygtk3fwh7OhAwRISMgIc/9OkV5DsyB4pGjez6tOX9ZgLwyHigL+9h+ZoaYxWVxVSqF7YaXSuFRJi1h8TYbY8YPpDHbyVYh1OisiEk9CDH6B+RBaHqHfIjkai069j2yuvIC1M+t+06e3vrxC6WGQh70iRU+V3Ec9lf0bWRnt1ga6pt39XbLaoEXP9PHcdOCTd993588Wrz142fGyUZtkgjEsAOPlDE4SbQhdy8ZNh5v86wk/yCx5YLk4v9QQKHo10hGc8OHnPGxcM99tt4QYEcNQR6d9VUJtbKPhuOsKrkwNkmoK/M27MVV4LI10k6Eb2Ty0joFhSDkDYIbb3G69w==",
                            "read_only": "false",
                            "repository": "docs",
                            "title": "RYR Deploy key"
                        },
                        "meta": {},
                        "tainted": false
                    },
                    "deposed": [],
                    "provider": "provider.github"
                },
                "github_repository_deploy_key.web_circleci": {
                    "type": "github_repository_deploy_key",
                    "depends_on": [],
                    "primary": {
                        "id": "web:27610112",
                        "attributes": {
                            "id": "web:27610112",
                            "key": "ssh-rsa AAAAB3NzaC1yc2EAAAADAQABAAABAQDHuI6Egtxb2LC0LGaU+YEsmwnnldUsOh1OxAv4iEI/K/ziU7s8N5oNpTK7VnmdqSHQGG6m5uTT+BuhnwxIlkGQBEZGIC2g+csTRw3XSakEvkbpyh0FmRSP6U5MQ4yc68J4vOAmDDQ5m0Ym43aJzYMwggXUBPpk1iOubcStZCnSPrKnNEFgAgXZKw0vX7YWH7tI3IxltPkAHtfLBf3AvpLd/dmEIoZYP6dX28w6DNge8drWY1QJ3RSUFWlo0E4+C4zwCY3iBPz5Rn6cNyZ0VnMuPz6xckX1M73Rnd90OwUUv0eax0IhgyoFltZt9Eu1mfVRkKRFxsXcL9Amoxd9BY13",
                            "read_only": "true",
                            "repository": "web",
                            "title": "CircleCI"
                        },
                        "meta": {},
                        "tainted": false
                    },
                    "deposed": [],
                    "provider": "provider.github"
                },
                "github_team.backend": {
                    "type": "github_team",
                    "depends_on": [],
                    "primary": {
                        "id": "2756827",
                        "attributes": {
                            "description": "RYR API and backend processses",
                            "id": "2756827",
                            "ldap_dn": "",
                            "name": "Backend",
                            "privacy": "closed"
                        },
                        "meta": {},
                        "tainted": false
                    },
                    "deposed": [],
                    "provider": "provider.github"
                },
                "github_team.documentation": {
                    "type": "github_team",
                    "depends_on": [],
                    "primary": {
                        "id": "2761946",
                        "attributes": {
                            "description": "Document RYR",
                            "id": "2761946",
                            "ldap_dn": "",
                            "name": "Documentation",
                            "privacy": "closed"
                        },
                        "meta": {},
                        "tainted": false
                    },
                    "deposed": [],
                    "provider": "provider.github"
                },
                "github_team.infrastructure": {
                    "type": "github_team",
                    "depends_on": [],
                    "primary": {
                        "id": "2756822",
                        "attributes": {
                            "description": "Support the RYR infrstructure",
                            "id": "2756822",
                            "ldap_dn": "",
                            "name": "Infrastructure",
                            "privacy": "closed"
                        },
                        "meta": {},
                        "tainted": false
                    },
                    "deposed": [],
                    "provider": "provider.github"
                },
                "github_team.ux-ui": {
                    "type": "github_team",
                    "depends_on": [],
                    "primary": {
                        "id": "2727312",
                        "attributes": {
                            "description": "Design the visual parts of RYR",
                            "id": "2727312",
                            "ldap_dn": "",
                            "name": "UX/UI",
                            "privacy": "closed"
                        },
                        "meta": {},
                        "tainted": false
                    },
                    "deposed": [],
                    "provider": "provider.github"
                },
                "github_team_membership.backend_rgreinho": {
                    "type": "github_team_membership",
                    "depends_on": [],
                    "primary": {
                        "id": "2756827:rgreinho",
                        "attributes": {
                            "id": "2756827:rgreinho",
                            "role": "maintainer",
                            "team_id": "2756827",
                            "username": "rgreinho"
                        },
                        "meta": {},
                        "tainted": false
                    },
                    "deposed": [],
                    "provider": "provider.github"
                },
                "github_team_membership.documentation_rgreinho": {
                    "type": "github_team_membership",
                    "depends_on": [],
                    "primary": {
                        "id": "2761946:rgreinho",
                        "attributes": {
                            "id": "2761946:rgreinho",
                            "role": "maintainer",
                            "team_id": "2761946",
                            "username": "rgreinho"
                        },
                        "meta": {},
                        "tainted": false
                    },
                    "deposed": [],
                    "provider": "provider.github"
                },
                "github_team_membership.infrastructure_rgreinho": {
                    "type": "github_team_membership",
                    "depends_on": [],
                    "primary": {
                        "id": "2756822:rgreinho",
                        "attributes": {
                            "id": "2756822:rgreinho",
                            "role": "maintainer",
                            "team_id": "2756822",
                            "username": "rgreinho"
                        },
                        "meta": {},
                        "tainted": false
                    },
                    "deposed": [],
                    "provider": "provider.github"
                },
                "github_team_membership.ux-ui_Toughee": {
                    "type": "github_team_membership",
                    "depends_on": [],
                    "primary": {
                        "id": "2727312:Toughee",
                        "attributes": {
                            "id": "2727312:Toughee",
                            "role": "member",
                            "team_id": "2727312",
                            "username": "Toughee"
                        },
                        "meta": {},
                        "tainted": false
                    },
                    "deposed": [],
                    "provider": "provider.github"
                },
                "github_team_membership.ux-ui_rgreinho": {
                    "type": "github_team_membership",
                    "depends_on": [],
                    "primary": {
                        "id": "2727312:rgreinho",
                        "attributes": {
                            "id": "2727312:rgreinho",
                            "role": "maintainer",
                            "team_id": "2727312",
                            "username": "rgreinho"
                        },
                        "meta": {},
                        "tainted": false
                    },
                    "deposed": [],
                    "provider": "provider.github"
                },
                "github_team_repository.backend_api": {
                    "type": "github_team_repository",
                    "depends_on": [
                        "github_repository.api"
                    ],
                    "primary": {
                        "id": "2756827:api",
                        "attributes": {
                            "id": "2756827:api",
                            "permission": "pull",
                            "repository": "api",
                            "team_id": "2756827"
                        },
                        "meta": {},
                        "tainted": false
                    },
                    "deposed": [],
                    "provider": "provider.github"
                },
                "github_team_repository.documentation_docs": {
                    "type": "github_team_repository",
                    "depends_on": [
                        "github_repository.docs"
                    ],
                    "primary": {
                        "id": "2761946:docs",
                        "attributes": {
                            "id": "2761946:docs",
                            "permission": "pull",
                            "repository": "docs",
                            "team_id": "2761946"
                        },
                        "meta": {},
                        "tainted": false
                    },
                    "deposed": [],
                    "provider": "provider.github"
                },
                "github_team_repository.infrastructure_charts": {
                    "type": "github_team_repository",
                    "depends_on": [
                        "github_repository.charts"
                    ],
                    "primary": {
                        "id": "2756822:charts",
                        "attributes": {
                            "id": "2756822:charts",
                            "permission": "pull",
                            "repository": "charts",
                            "team_id": "2756822"
                        },
                        "meta": {},
                        "tainted": false
                    },
                    "deposed": [],
                    "provider": "provider.github"
                },
                "github_team_repository.infrastructure_infra": {
                    "type": "github_team_repository",
                    "depends_on": [
                        "github_repository.infra"
                    ],
                    "primary": {
                        "id": "2756822:infra",
                        "attributes": {
                            "id": "2756822:infra",
                            "permission": "pull",
                            "repository": "infra",
                            "team_id": "2756822"
                        },
                        "meta": {},
                        "tainted": false
                    },
                    "deposed": [],
                    "provider": "provider.github"
                },
                "github_team_repository.ux-ui_web": {
                    "type": "github_team_repository",
                    "depends_on": [
                        "github_repository.web"
                    ],
                    "primary": {
                        "id": "2727312:web",
                        "attributes": {
                            "id": "2727312:web",
                            "permission": "pull",
                            "repository": "web",
                            "team_id": "2727312"
                        },
                        "meta": {},
                        "tainted": false
                    },
                    "deposed": [],
                    "provider": "provider.github"
                }
            },
            "depends_on": []
        }
    ]
}
